// !$*UTF8*$!
{
	archiveVersion = 1;
	classes = {
	};
	objectVersion = 56;
	objects = {

/* Begin PBXBuildFile section */
		2A0A730A2B541555004478C1 /* HttpMethod.swift in Sources */ = {isa = PBXBuildFile; fileRef = 2A0A73092B541555004478C1 /* HttpMethod.swift */; };
		2A0A730C2B541A43004478C1 /* NetworkServiceType.swift in Sources */ = {isa = PBXBuildFile; fileRef = 2A0A730B2B541A43004478C1 /* NetworkServiceType.swift */; };
		2A0A730E2B5438B5004478C1 /* KeychainWrapper.swift in Sources */ = {isa = PBXBuildFile; fileRef = 2A0A730D2B5438B5004478C1 /* KeychainWrapper.swift */; };
		2A2671F72B4BEA34009D214F /* LoginViewController.swift in Sources */ = {isa = PBXBuildFile; fileRef = 2A2671F62B4BEA34009D214F /* LoginViewController.swift */; };
		2A2671F92B4C0819009D214F /* UILabel+.swift in Sources */ = {isa = PBXBuildFile; fileRef = 2A2671F82B4C0819009D214F /* UILabel+.swift */; };
		2A2671FD2B4C3A9F009D214F /* LoginViewModel.swift in Sources */ = {isa = PBXBuildFile; fileRef = 2A2671FC2B4C3A9F009D214F /* LoginViewModel.swift */; };
		2A2671FF2B4C3AF0009D214F /* Publisher+UIControl.swift in Sources */ = {isa = PBXBuildFile; fileRef = 2A2671FE2B4C3AF0009D214F /* Publisher+UIControl.swift */; };
		2A2672022B4C3B44009D214F /* ViewModelType.swift in Sources */ = {isa = PBXBuildFile; fileRef = 2A2672012B4C3B44009D214F /* ViewModelType.swift */; };
		2A2672052B4C3C00009D214F /* CancelBag.swift in Sources */ = {isa = PBXBuildFile; fileRef = 2A2672042B4C3C00009D214F /* CancelBag.swift */; };
		2A28453E2B531DDE0023F9B5 /* NetworkService.swift in Sources */ = {isa = PBXBuildFile; fileRef = 2A28453D2B531DDE0023F9B5 /* NetworkService.swift */; };
		2A2845402B531F0A0023F9B5 /* BaseResponse.swift in Sources */ = {isa = PBXBuildFile; fileRef = 2A28453F2B531F0A0023F9B5 /* BaseResponse.swift */; };
		2A2845432B5320070023F9B5 /* SocialLoginResponseDTO.swift in Sources */ = {isa = PBXBuildFile; fileRef = 2A2845422B5320070023F9B5 /* SocialLoginResponseDTO.swift */; };
		2A2845462B532BCB0023F9B5 /* SocialLoginRequestDTO.swift in Sources */ = {isa = PBXBuildFile; fileRef = 2A2845452B532BCB0023F9B5 /* SocialLoginRequestDTO.swift */; };
		2A31FF572B4F1E0400FEEED9 /* String+.swift in Sources */ = {isa = PBXBuildFile; fileRef = 2A31FF562B4F1E0400FEEED9 /* String+.swift */; };
		2A31FF592B4F3A8B00FEEED9 /* UserInfo.swift in Sources */ = {isa = PBXBuildFile; fileRef = 2A31FF582B4F3A8B00FEEED9 /* UserInfo.swift */; };
		2A51AE852B4B05AA00FF770A /* SplashViewController.swift in Sources */ = {isa = PBXBuildFile; fileRef = 2A51AE842B4B05AA00FF770A /* SplashViewController.swift */; };
		2A5220EC2B507F2A001510B7 /* UITableViewCellRegisterable.swift in Sources */ = {isa = PBXBuildFile; fileRef = 2A5220EB2B507F2A001510B7 /* UITableViewCellRegisterable.swift */; };
		2A5220EF2B507F97001510B7 /* NotificationViewModel.swift in Sources */ = {isa = PBXBuildFile; fileRef = 2A5220EE2B507F97001510B7 /* NotificationViewModel.swift */; };
		2A5220F22B507FAE001510B7 /* NotificationTableViewCell.swift in Sources */ = {isa = PBXBuildFile; fileRef = 2A5220F12B507FAE001510B7 /* NotificationTableViewCell.swift */; };
		2A5220F82B508177001510B7 /* NotificationDummy.swift in Sources */ = {isa = PBXBuildFile; fileRef = 2A5220F72B508177001510B7 /* NotificationDummy.swift */; };
		2A6D54C12B479B4300F9891E /* adjusted+.swift in Sources */ = {isa = PBXBuildFile; fileRef = 2A6D54C02B479B4300F9891E /* adjusted+.swift */; };
		2A6D54C32B493A8400F9891E /* UIFont+.swift in Sources */ = {isa = PBXBuildFile; fileRef = 2A6D54C22B493A8400F9891E /* UIFont+.swift */; };
		2A6D54C62B493E3F00F9891E /* Pretendard-SemiBold.otf in Resources */ = {isa = PBXBuildFile; fileRef = 2A6D54C42B493E3F00F9891E /* Pretendard-SemiBold.otf */; };
		2A6D54C72B493E3F00F9891E /* Pretendard-Regular.otf in Resources */ = {isa = PBXBuildFile; fileRef = 2A6D54C52B493E3F00F9891E /* Pretendard-Regular.otf */; };
		2A84465A2B4EE8B400F98F2A /* JoinProfileViewController.swift in Sources */ = {isa = PBXBuildFile; fileRef = 2A8446592B4EE8B400F98F2A /* JoinProfileViewController.swift */; };
		2A84465C2B4EEC6C00F98F2A /* JoinProfileViewModel.swift in Sources */ = {isa = PBXBuildFile; fileRef = 2A84465B2B4EEC6C00F98F2A /* JoinProfileViewModel.swift */; };
		2A84465E2B4EF41900F98F2A /* JoinProfileView.swift in Sources */ = {isa = PBXBuildFile; fileRef = 2A84465D2B4EF41900F98F2A /* JoinProfileView.swift */; };
		2A8868D62B5069790017513A /* OnboardingEndingView.swift in Sources */ = {isa = PBXBuildFile; fileRef = 2A8868D52B5069790017513A /* OnboardingEndingView.swift */; };
		2A8868DA2B506D720017513A /* NotificationViewController.swift in Sources */ = {isa = PBXBuildFile; fileRef = 2A8868D92B506D720017513A /* NotificationViewController.swift */; };
		2A8D70B12B4C4D8F009F4C6C /* KakaoSDK in Frameworks */ = {isa = PBXBuildFile; productRef = 2A8D70B02B4C4D8F009F4C6C /* KakaoSDK */; };
		2A8D70B42B4C999F009F4C6C /* CustomButton.swift in Sources */ = {isa = PBXBuildFile; fileRef = 2A8D70B32B4C999F009F4C6C /* CustomButton.swift */; };
		2A8D70B82B4C9A59009F4C6C /* OnboardingViewController.swift in Sources */ = {isa = PBXBuildFile; fileRef = 2A8D70B72B4C9A59009F4C6C /* OnboardingViewController.swift */; };
		2A8D70BD2B4D61A1009F4C6C /* OnboardingDummy.swift in Sources */ = {isa = PBXBuildFile; fileRef = 2A8D70BC2B4D61A1009F4C6C /* OnboardingDummy.swift */; };
		2A8D70BF2B4D68E3009F4C6C /* OnboardingEndingViewController.swift in Sources */ = {isa = PBXBuildFile; fileRef = 2A8D70BE2B4D68E3009F4C6C /* OnboardingEndingViewController.swift */; };
		2A8D70C32B4D7FF5009F4C6C /* BackButton.swift in Sources */ = {isa = PBXBuildFile; fileRef = 2A8D70C22B4D7FF5009F4C6C /* BackButton.swift */; };
		2A8D70C52B4D8079009F4C6C /* UIViewController+.swift in Sources */ = {isa = PBXBuildFile; fileRef = 2A8D70C42B4D8079009F4C6C /* UIViewController+.swift */; };
		2A8D70C72B4D8C1C009F4C6C /* OnboardingEndingViewModel.swift in Sources */ = {isa = PBXBuildFile; fileRef = 2A8D70C62B4D8C1C009F4C6C /* OnboardingEndingViewModel.swift */; };
		2A8D70CA2B4D9787009F4C6C /* IntroductionView.swift in Sources */ = {isa = PBXBuildFile; fileRef = 2A8D70C92B4D9787009F4C6C /* IntroductionView.swift */; };
		2A8D70CC2B4DA7BD009F4C6C /* UITextField+.swift in Sources */ = {isa = PBXBuildFile; fileRef = 2A8D70CB2B4DA7BD009F4C6C /* UITextField+.swift */; };
		2A8D70D12B4DD356009F4C6C /* JoinAgreementViewController.swift in Sources */ = {isa = PBXBuildFile; fileRef = 2A8D70D02B4DD356009F4C6C /* JoinAgreementViewController.swift */; };
		2A8D70D32B4DD360009F4C6C /* JoinAgreeViewModel.swift in Sources */ = {isa = PBXBuildFile; fileRef = 2A8D70D22B4DD360009F4C6C /* JoinAgreeViewModel.swift */; };
		2AAA845F2B494AC50098A824 /* SnapKit in Frameworks */ = {isa = PBXBuildFile; productRef = 2AAA845E2B494AC50098A824 /* SnapKit */; };
		2AAEFC972B4A9C3700C2D323 /* DontBeTabBarItem.swift in Sources */ = {isa = PBXBuildFile; fileRef = 2AAEFC962B4A9C3700C2D323 /* DontBeTabBarItem.swift */; };
		2AAEFC992B4A9E3B00C2D323 /* DontBeTabBarController.swift in Sources */ = {isa = PBXBuildFile; fileRef = 2AAEFC982B4A9E3B00C2D323 /* DontBeTabBarController.swift */; };
		2AC9FB1B2B4DE77400D31071 /* AgreementListCustomView.swift in Sources */ = {isa = PBXBuildFile; fileRef = 2AC9FB1A2B4DE77400D31071 /* AgreementListCustomView.swift */; };
		2AC9FB1F2B4E634A00D31071 /* JoinAgreeView.swift in Sources */ = {isa = PBXBuildFile; fileRef = 2AC9FB1E2B4E634A00D31071 /* JoinAgreeView.swift */; };
		2AF069AE2B514B0100CA3E48 /* NotificationEmptyViewCell.swift in Sources */ = {isa = PBXBuildFile; fileRef = 2AF069AD2B514B0100CA3E48 /* NotificationEmptyViewCell.swift */; };
		2AF069B02B518B3F00CA3E48 /* UICollectionViewRegisterable.swift in Sources */ = {isa = PBXBuildFile; fileRef = 2AF069AF2B518B3F00CA3E48 /* UICollectionViewRegisterable.swift */; };
		2AF069B22B518F8E00CA3E48 /* MyPageNicknameEditView.swift in Sources */ = {isa = PBXBuildFile; fileRef = 2AF069B12B518F8E00CA3E48 /* MyPageNicknameEditView.swift */; };
		2AF069B42B5194F300CA3E48 /* MyPageIntroductionEditView.swift in Sources */ = {isa = PBXBuildFile; fileRef = 2AF069B32B5194F300CA3E48 /* MyPageIntroductionEditView.swift */; };
		2AF069B62B51F0D400CA3E48 /* OnboardingView.swift in Sources */ = {isa = PBXBuildFile; fileRef = 2AF069B52B51F0D400CA3E48 /* OnboardingView.swift */; };
		2F1741882B500C270089FC4D /* UIApplication+.swift in Sources */ = {isa = PBXBuildFile; fileRef = 2F1741872B500C270089FC4D /* UIApplication+.swift */; };
		2F17418A2B500CC20089FC4D /* HomeBottomsheetView.swift in Sources */ = {isa = PBXBuildFile; fileRef = 2F1741892B500CC20089FC4D /* HomeBottomsheetView.swift */; };
		2F8735402B4BE65300E55552 /* HomeView.swift in Sources */ = {isa = PBXBuildFile; fileRef = 2F87353F2B4BE65300E55552 /* HomeView.swift */; };
		2F8735422B4BE66500E55552 /* HomeViewController.swift in Sources */ = {isa = PBXBuildFile; fileRef = 2F8735412B4BE66500E55552 /* HomeViewController.swift */; };
		2F8735442B4BE67300E55552 /* HomeViewModel.swift in Sources */ = {isa = PBXBuildFile; fileRef = 2F8735432B4BE67300E55552 /* HomeViewModel.swift */; };
		2F8735462B4C34A500E55552 /* HomeCollectionView.swift in Sources */ = {isa = PBXBuildFile; fileRef = 2F8735452B4C34A500E55552 /* HomeCollectionView.swift */; };
		2F8735482B4C355100E55552 /* HomeCollectionViewCell.swift in Sources */ = {isa = PBXBuildFile; fileRef = 2F8735472B4C355100E55552 /* HomeCollectionViewCell.swift */; };
		2F87354C2B4D28D700E55552 /* HomeCollectionFooterView.swift in Sources */ = {isa = PBXBuildFile; fileRef = 2F87354B2B4D28D700E55552 /* HomeCollectionFooterView.swift */; };
		2FB64FF02B5310DD0082A414 /* WriteReplyViewController.swift in Sources */ = {isa = PBXBuildFile; fileRef = 2FB64FEF2B5310DD0082A414 /* WriteReplyViewController.swift */; };
		2FB64FF22B5318C50082A414 /* WriteReplyPostView.swift in Sources */ = {isa = PBXBuildFile; fileRef = 2FB64FF12B5318C50082A414 /* WriteReplyPostView.swift */; };
		2FB64FF42B531A5C0082A414 /* WriteReplyView.swift in Sources */ = {isa = PBXBuildFile; fileRef = 2FB64FF32B531A5C0082A414 /* WriteReplyView.swift */; };
		2FB64FF62B531E4F0082A414 /* WriteReplyEditorView.swift in Sources */ = {isa = PBXBuildFile; fileRef = 2FB64FF52B531E4F0082A414 /* WriteReplyEditorView.swift */; };
		2FB769D02B5277BD004C7752 /* PostReplyTextFieldView.swift in Sources */ = {isa = PBXBuildFile; fileRef = 2FB769CF2B5277BD004C7752 /* PostReplyTextFieldView.swift */; };
		2FB818D12B51693400B7498F /* PostViewController.swift in Sources */ = {isa = PBXBuildFile; fileRef = 2FB818D02B51693400B7498F /* PostViewController.swift */; };
		2FB818D32B51694F00B7498F /* PostView.swift in Sources */ = {isa = PBXBuildFile; fileRef = 2FB818D22B51694F00B7498F /* PostView.swift */; };
		2FB818D52B517EE700B7498F /* PostDetailView.swift in Sources */ = {isa = PBXBuildFile; fileRef = 2FB818D42B517EE700B7498F /* PostDetailView.swift */; };
		2FB818D92B5186FC00B7498F /* PostReplyCollectionView.swift in Sources */ = {isa = PBXBuildFile; fileRef = 2FB818D82B5186FC00B7498F /* PostReplyCollectionView.swift */; };
		2FB818DC2B51875D00B7498F /* PostReplyCollectionViewCell.swift in Sources */ = {isa = PBXBuildFile; fileRef = 2FB818DB2B51875D00B7498F /* PostReplyCollectionViewCell.swift */; };
		2FBBADF12B53AF9B002D6286 /* PostReplyCollectionFooterView.swift in Sources */ = {isa = PBXBuildFile; fileRef = 2FBBADF02B53AF9B002D6286 /* PostReplyCollectionFooterView.swift */; };
		2FBBADF42B53BEB5002D6286 /* TransparentPopupViewController.swift in Sources */ = {isa = PBXBuildFile; fileRef = 2FBBADF32B53BEB5002D6286 /* TransparentPopupViewController.swift */; };
		2FBBADF62B53EEBD002D6286 /* CancelReplyPopupViewController.swift in Sources */ = {isa = PBXBuildFile; fileRef = 2FBBADF52B53EEBD002D6286 /* CancelReplyPopupViewController.swift */; };
		2FBBADF82B53EF63002D6286 /* PostPopupView.swift in Sources */ = {isa = PBXBuildFile; fileRef = 2FBBADF72B53EF63002D6286 /* PostPopupView.swift */; };
		2FBBADFA2B54401A002D6286 /* DeletePopupViewController.swift in Sources */ = {isa = PBXBuildFile; fileRef = 2FBBADF92B54401A002D6286 /* DeletePopupViewController.swift */; };
		3C01692A2B4DC82D0075334B /* DontBePopupView.swift in Sources */ = {isa = PBXBuildFile; fileRef = 3C0920DB2B4D78DA003BD080 /* DontBePopupView.swift */; };
		3C0920DE2B4D98CD003BD080 /* DontBeToastView.swift in Sources */ = {isa = PBXBuildFile; fileRef = 3C0920DD2B4D98CD003BD080 /* DontBeToastView.swift */; };
		3C2854FD2B3A9FD800369C99 /* ExampleViewController.swift in Sources */ = {isa = PBXBuildFile; fileRef = 3C2854FC2B3A9FD800369C99 /* ExampleViewController.swift */; };
		3C2854FF2B3AA01700369C99 /* ExampleView.swift in Sources */ = {isa = PBXBuildFile; fileRef = 3C2854FE2B3AA01700369C99 /* ExampleView.swift */; };
		3C2855012B3AA0A000369C99 /* ExampleCollectionViewCell.swift in Sources */ = {isa = PBXBuildFile; fileRef = 3C2855002B3AA0A000369C99 /* ExampleCollectionViewCell.swift */; };
		3C2F544E2B50F65500E7BF01 /* DontBeBottomSheetView.swift in Sources */ = {isa = PBXBuildFile; fileRef = 3C2F544D2B50F65500E7BF01 /* DontBeBottomSheetView.swift */; };
		3C2F54502B51223200E7BF01 /* MyPageEditProfileViewController.swift in Sources */ = {isa = PBXBuildFile; fileRef = 3C2F544F2B51223200E7BF01 /* MyPageEditProfileViewController.swift */; };
		3C2F54522B51224500E7BF01 /* MyPageAccountInfoViewController.swift in Sources */ = {isa = PBXBuildFile; fileRef = 3C2F54512B51224500E7BF01 /* MyPageAccountInfoViewController.swift */; };
		3C2F54542B5126C600E7BF01 /* UIBarButtonItem+.swift in Sources */ = {isa = PBXBuildFile; fileRef = 3C2F54532B5126C600E7BF01 /* UIBarButtonItem+.swift */; };
		3C35565B2B494F0A0016BA49 /* UIColor+.swift in Sources */ = {isa = PBXBuildFile; fileRef = 3C35565A2B494F0A0016BA49 /* UIColor+.swift */; };
		3C4993652B4F2471002A99CF /* MyPageSegmentedControl.swift in Sources */ = {isa = PBXBuildFile; fileRef = 3C4993642B4F2471002A99CF /* MyPageSegmentedControl.swift */; };
		3C4993672B4F2644002A99CF /* MyPageContentViewController.swift in Sources */ = {isa = PBXBuildFile; fileRef = 3C4993662B4F2644002A99CF /* MyPageContentViewController.swift */; };
		3C4993692B4F2653002A99CF /* MyPageCommentViewController.swift in Sources */ = {isa = PBXBuildFile; fileRef = 3C4993682B4F2653002A99CF /* MyPageCommentViewController.swift */; };
		3C6192ED2B3A719A00220CEB /* AppDelegate.swift in Sources */ = {isa = PBXBuildFile; fileRef = 3C6192EC2B3A719A00220CEB /* AppDelegate.swift */; };
		3C6192EF2B3A719A00220CEB /* SceneDelegate.swift in Sources */ = {isa = PBXBuildFile; fileRef = 3C6192EE2B3A719A00220CEB /* SceneDelegate.swift */; };
		3C6192F62B3A719C00220CEB /* Assets.xcassets in Resources */ = {isa = PBXBuildFile; fileRef = 3C6192F52B3A719C00220CEB /* Assets.xcassets */; };
		3C61930A2B3A781300220CEB /* ImageLiterals.swift in Sources */ = {isa = PBXBuildFile; fileRef = 3C6193092B3A781300220CEB /* ImageLiterals.swift */; };
		3C61930C2B3A782100220CEB /* StringLiterals.swift in Sources */ = {isa = PBXBuildFile; fileRef = 3C61930B2B3A782100220CEB /* StringLiterals.swift */; };
		3C6193152B3A7A6400220CEB /* UIView+.swift in Sources */ = {isa = PBXBuildFile; fileRef = 3C6193142B3A7A6400220CEB /* UIView+.swift */; };
		3C6193172B3A7A7B00220CEB /* UIStackView+.swift in Sources */ = {isa = PBXBuildFile; fileRef = 3C6193162B3A7A7B00220CEB /* UIStackView+.swift */; };
		3C6193192B3A7AC700220CEB /* Config.swift in Sources */ = {isa = PBXBuildFile; fileRef = 3C6193182B3A7AC700220CEB /* Config.swift */; };
		3C61931B2B3A7AD000220CEB /* NetworkError.swift in Sources */ = {isa = PBXBuildFile; fileRef = 3C61931A2B3A7AD000220CEB /* NetworkError.swift */; };
		3C70BE302B53EC06001AA5A6 /* MyPageMemberDataResponseDTO.swift in Sources */ = {isa = PBXBuildFile; fileRef = 3C70BE2F2B53EC06001AA5A6 /* MyPageMemberDataResponseDTO.swift */; };
		3C70BE332B53EF92001AA5A6 /* MyPageViewModel.swift in Sources */ = {isa = PBXBuildFile; fileRef = 3C70BE322B53EF92001AA5A6 /* MyPageViewModel.swift */; };
		3C7741522B5311750069E694 /* MyPageAccountInfoTableViewCell.swift in Sources */ = {isa = PBXBuildFile; fileRef = 3C7741512B5311750069E694 /* MyPageAccountInfoTableViewCell.swift */; };
		3C7741542B531AC80069E694 /* AccountInfoDummy.swift in Sources */ = {isa = PBXBuildFile; fileRef = 3C7741532B531AC80069E694 /* AccountInfoDummy.swift */; };
		3CBF99222B549B8C0015FE4B /* WriteContentRequestDTO.swift in Sources */ = {isa = PBXBuildFile; fileRef = 3CBF99212B549B8C0015FE4B /* WriteContentRequestDTO.swift */; };
		3CBF99272B549C7D0015FE4B /* WriteViewModel.swift in Sources */ = {isa = PBXBuildFile; fileRef = 3CBF99262B549C7D0015FE4B /* WriteViewModel.swift */; };
		3CD25D272B5466DB0075F80F /* Empty.swift in Sources */ = {isa = PBXBuildFile; fileRef = 3CD25D262B5466DB0075F80F /* Empty.swift */; };
		3CE9C12A2B4BE6780086E4A3 /* WriteViewController.swift in Sources */ = {isa = PBXBuildFile; fileRef = 3CE9C1292B4BE6780086E4A3 /* WriteViewController.swift */; };
		3CE9C12C2B4BE7300086E4A3 /* WriteView.swift in Sources */ = {isa = PBXBuildFile; fileRef = 3CE9C12B2B4BE7300086E4A3 /* WriteView.swift */; };
		3CE9C12E2B4C08AE0086E4A3 /* WriteTextView.swift in Sources */ = {isa = PBXBuildFile; fileRef = 3CE9C12D2B4C08AE0086E4A3 /* WriteTextView.swift */; };
		3CE9C1302B4C2F740086E4A3 /* UIImageView+.swift in Sources */ = {isa = PBXBuildFile; fileRef = 3CE9C12F2B4C2F740086E4A3 /* UIImageView+.swift */; };
		3CE9C1322B4C3C2D0086E4A3 /* UITextView+.swift in Sources */ = {isa = PBXBuildFile; fileRef = 3CE9C1312B4C3C2D0086E4A3 /* UITextView+.swift */; };
		3CE9C1352B4C4BC20086E4A3 /* CircleProgressbar.swift in Sources */ = {isa = PBXBuildFile; fileRef = 3CE9C1342B4C4BC20086E4A3 /* CircleProgressbar.swift */; };
		3CEE4CBD2B500A7800F506AF /* DontBeTransparencyInfoView.swift in Sources */ = {isa = PBXBuildFile; fileRef = 3CEE4CBC2B500A7800F506AF /* DontBeTransparencyInfoView.swift */; };
		3CEE4CC02B500BE500F506AF /* TransparencyInfoDummy.swift in Sources */ = {isa = PBXBuildFile; fileRef = 3CEE4CBF2B500BE500F506AF /* TransparencyInfoDummy.swift */; };
		3CEE4CC22B503F9E00F506AF /* DontBeCustomInfoView.swift in Sources */ = {isa = PBXBuildFile; fileRef = 3CEE4CC12B503F9E00F506AF /* DontBeCustomInfoView.swift */; };
		3CF184CB2B4EEC0B00816D5F /* MyPageViewController.swift in Sources */ = {isa = PBXBuildFile; fileRef = 3CF184CA2B4EEC0B00816D5F /* MyPageViewController.swift */; };
		3CF184CD2B4EEC1900816D5F /* MyPageView.swift in Sources */ = {isa = PBXBuildFile; fileRef = 3CF184CC2B4EEC1900816D5F /* MyPageView.swift */; };
		3CF184D12B4EFF9900816D5F /* MyPageProfileView.swift in Sources */ = {isa = PBXBuildFile; fileRef = 3CF184D02B4EFF9900816D5F /* MyPageProfileView.swift */; };
/* End PBXBuildFile section */

/* Begin PBXFileReference section */
		2A0A73092B541555004478C1 /* HttpMethod.swift */ = {isa = PBXFileReference; lastKnownFileType = sourcecode.swift; path = HttpMethod.swift; sourceTree = "<group>"; };
		2A0A730B2B541A43004478C1 /* NetworkServiceType.swift */ = {isa = PBXFileReference; lastKnownFileType = sourcecode.swift; path = NetworkServiceType.swift; sourceTree = "<group>"; };
		2A0A730D2B5438B5004478C1 /* KeychainWrapper.swift */ = {isa = PBXFileReference; lastKnownFileType = sourcecode.swift; path = KeychainWrapper.swift; sourceTree = "<group>"; };
		2A2671F62B4BEA34009D214F /* LoginViewController.swift */ = {isa = PBXFileReference; lastKnownFileType = sourcecode.swift; path = LoginViewController.swift; sourceTree = "<group>"; };
		2A2671F82B4C0819009D214F /* UILabel+.swift */ = {isa = PBXFileReference; lastKnownFileType = sourcecode.swift; path = "UILabel+.swift"; sourceTree = "<group>"; };
		2A2671FC2B4C3A9F009D214F /* LoginViewModel.swift */ = {isa = PBXFileReference; lastKnownFileType = sourcecode.swift; path = LoginViewModel.swift; sourceTree = "<group>"; };
		2A2671FE2B4C3AF0009D214F /* Publisher+UIControl.swift */ = {isa = PBXFileReference; lastKnownFileType = sourcecode.swift; path = "Publisher+UIControl.swift"; sourceTree = "<group>"; };
		2A2672012B4C3B44009D214F /* ViewModelType.swift */ = {isa = PBXFileReference; lastKnownFileType = sourcecode.swift; path = ViewModelType.swift; sourceTree = "<group>"; };
		2A2672042B4C3C00009D214F /* CancelBag.swift */ = {isa = PBXFileReference; lastKnownFileType = sourcecode.swift; path = CancelBag.swift; sourceTree = "<group>"; };
		2A26720D2B4C40CE009D214F /* Config.xcconfig */ = {isa = PBXFileReference; lastKnownFileType = text.xcconfig; path = Config.xcconfig; sourceTree = "<group>"; };
		2A28453D2B531DDE0023F9B5 /* NetworkService.swift */ = {isa = PBXFileReference; lastKnownFileType = sourcecode.swift; path = NetworkService.swift; sourceTree = "<group>"; };
		2A28453F2B531F0A0023F9B5 /* BaseResponse.swift */ = {isa = PBXFileReference; lastKnownFileType = sourcecode.swift; path = BaseResponse.swift; sourceTree = "<group>"; };
		2A2845422B5320070023F9B5 /* SocialLoginResponseDTO.swift */ = {isa = PBXFileReference; lastKnownFileType = sourcecode.swift; path = SocialLoginResponseDTO.swift; sourceTree = "<group>"; };
		2A2845452B532BCB0023F9B5 /* SocialLoginRequestDTO.swift */ = {isa = PBXFileReference; lastKnownFileType = sourcecode.swift; path = SocialLoginRequestDTO.swift; sourceTree = "<group>"; };
		2A31FF562B4F1E0400FEEED9 /* String+.swift */ = {isa = PBXFileReference; lastKnownFileType = sourcecode.swift; path = "String+.swift"; sourceTree = "<group>"; };
		2A31FF582B4F3A8B00FEEED9 /* UserInfo.swift */ = {isa = PBXFileReference; lastKnownFileType = sourcecode.swift; path = UserInfo.swift; sourceTree = "<group>"; };
		2A51AE842B4B05AA00FF770A /* SplashViewController.swift */ = {isa = PBXFileReference; fileEncoding = 4; lastKnownFileType = sourcecode.swift; path = SplashViewController.swift; sourceTree = "<group>"; };
		2A5220EB2B507F2A001510B7 /* UITableViewCellRegisterable.swift */ = {isa = PBXFileReference; lastKnownFileType = sourcecode.swift; path = UITableViewCellRegisterable.swift; sourceTree = "<group>"; };
		2A5220EE2B507F97001510B7 /* NotificationViewModel.swift */ = {isa = PBXFileReference; lastKnownFileType = sourcecode.swift; path = NotificationViewModel.swift; sourceTree = "<group>"; };
		2A5220F12B507FAE001510B7 /* NotificationTableViewCell.swift */ = {isa = PBXFileReference; lastKnownFileType = sourcecode.swift; path = NotificationTableViewCell.swift; sourceTree = "<group>"; };
		2A5220F72B508177001510B7 /* NotificationDummy.swift */ = {isa = PBXFileReference; lastKnownFileType = sourcecode.swift; path = NotificationDummy.swift; sourceTree = "<group>"; };
		2A6D54C02B479B4300F9891E /* adjusted+.swift */ = {isa = PBXFileReference; lastKnownFileType = sourcecode.swift; path = "adjusted+.swift"; sourceTree = "<group>"; };
		2A6D54C22B493A8400F9891E /* UIFont+.swift */ = {isa = PBXFileReference; lastKnownFileType = sourcecode.swift; path = "UIFont+.swift"; sourceTree = "<group>"; };
		2A6D54C42B493E3F00F9891E /* Pretendard-SemiBold.otf */ = {isa = PBXFileReference; lastKnownFileType = file; path = "Pretendard-SemiBold.otf"; sourceTree = "<group>"; };
		2A6D54C52B493E3F00F9891E /* Pretendard-Regular.otf */ = {isa = PBXFileReference; lastKnownFileType = file; path = "Pretendard-Regular.otf"; sourceTree = "<group>"; };
		2A8446592B4EE8B400F98F2A /* JoinProfileViewController.swift */ = {isa = PBXFileReference; lastKnownFileType = sourcecode.swift; path = JoinProfileViewController.swift; sourceTree = "<group>"; };
		2A84465B2B4EEC6C00F98F2A /* JoinProfileViewModel.swift */ = {isa = PBXFileReference; lastKnownFileType = sourcecode.swift; path = JoinProfileViewModel.swift; sourceTree = "<group>"; };
		2A84465D2B4EF41900F98F2A /* JoinProfileView.swift */ = {isa = PBXFileReference; lastKnownFileType = sourcecode.swift; path = JoinProfileView.swift; sourceTree = "<group>"; };
		2A8868D52B5069790017513A /* OnboardingEndingView.swift */ = {isa = PBXFileReference; lastKnownFileType = sourcecode.swift; path = OnboardingEndingView.swift; sourceTree = "<group>"; };
		2A8868D92B506D720017513A /* NotificationViewController.swift */ = {isa = PBXFileReference; lastKnownFileType = sourcecode.swift; path = NotificationViewController.swift; sourceTree = "<group>"; };
		2A8D70B32B4C999F009F4C6C /* CustomButton.swift */ = {isa = PBXFileReference; lastKnownFileType = sourcecode.swift; path = CustomButton.swift; sourceTree = "<group>"; };
		2A8D70B72B4C9A59009F4C6C /* OnboardingViewController.swift */ = {isa = PBXFileReference; lastKnownFileType = sourcecode.swift; path = OnboardingViewController.swift; sourceTree = "<group>"; };
		2A8D70BC2B4D61A1009F4C6C /* OnboardingDummy.swift */ = {isa = PBXFileReference; lastKnownFileType = sourcecode.swift; path = OnboardingDummy.swift; sourceTree = "<group>"; };
		2A8D70BE2B4D68E3009F4C6C /* OnboardingEndingViewController.swift */ = {isa = PBXFileReference; lastKnownFileType = sourcecode.swift; path = OnboardingEndingViewController.swift; sourceTree = "<group>"; };
		2A8D70C22B4D7FF5009F4C6C /* BackButton.swift */ = {isa = PBXFileReference; lastKnownFileType = sourcecode.swift; path = BackButton.swift; sourceTree = "<group>"; };
		2A8D70C42B4D8079009F4C6C /* UIViewController+.swift */ = {isa = PBXFileReference; lastKnownFileType = sourcecode.swift; path = "UIViewController+.swift"; sourceTree = "<group>"; };
		2A8D70C62B4D8C1C009F4C6C /* OnboardingEndingViewModel.swift */ = {isa = PBXFileReference; lastKnownFileType = sourcecode.swift; path = OnboardingEndingViewModel.swift; sourceTree = "<group>"; };
		2A8D70C92B4D9787009F4C6C /* IntroductionView.swift */ = {isa = PBXFileReference; lastKnownFileType = sourcecode.swift; path = IntroductionView.swift; sourceTree = "<group>"; };
		2A8D70CB2B4DA7BD009F4C6C /* UITextField+.swift */ = {isa = PBXFileReference; lastKnownFileType = sourcecode.swift; path = "UITextField+.swift"; sourceTree = "<group>"; };
		2A8D70D02B4DD356009F4C6C /* JoinAgreementViewController.swift */ = {isa = PBXFileReference; lastKnownFileType = sourcecode.swift; path = JoinAgreementViewController.swift; sourceTree = "<group>"; };
		2A8D70D22B4DD360009F4C6C /* JoinAgreeViewModel.swift */ = {isa = PBXFileReference; lastKnownFileType = sourcecode.swift; path = JoinAgreeViewModel.swift; sourceTree = "<group>"; };
		2AAEFC962B4A9C3700C2D323 /* DontBeTabBarItem.swift */ = {isa = PBXFileReference; lastKnownFileType = sourcecode.swift; path = DontBeTabBarItem.swift; sourceTree = "<group>"; };
		2AAEFC982B4A9E3B00C2D323 /* DontBeTabBarController.swift */ = {isa = PBXFileReference; lastKnownFileType = sourcecode.swift; path = DontBeTabBarController.swift; sourceTree = "<group>"; };
		2AC9FB1A2B4DE77400D31071 /* AgreementListCustomView.swift */ = {isa = PBXFileReference; lastKnownFileType = sourcecode.swift; path = AgreementListCustomView.swift; sourceTree = "<group>"; };
		2AC9FB1E2B4E634A00D31071 /* JoinAgreeView.swift */ = {isa = PBXFileReference; lastKnownFileType = sourcecode.swift; path = JoinAgreeView.swift; sourceTree = "<group>"; };
		2AF069AD2B514B0100CA3E48 /* NotificationEmptyViewCell.swift */ = {isa = PBXFileReference; lastKnownFileType = sourcecode.swift; path = NotificationEmptyViewCell.swift; sourceTree = "<group>"; };
		2AF069AF2B518B3F00CA3E48 /* UICollectionViewRegisterable.swift */ = {isa = PBXFileReference; fileEncoding = 4; lastKnownFileType = sourcecode.swift; path = UICollectionViewRegisterable.swift; sourceTree = "<group>"; };
		2AF069B12B518F8E00CA3E48 /* MyPageNicknameEditView.swift */ = {isa = PBXFileReference; lastKnownFileType = sourcecode.swift; path = MyPageNicknameEditView.swift; sourceTree = "<group>"; };
		2AF069B32B5194F300CA3E48 /* MyPageIntroductionEditView.swift */ = {isa = PBXFileReference; lastKnownFileType = sourcecode.swift; path = MyPageIntroductionEditView.swift; sourceTree = "<group>"; };
		2AF069B52B51F0D400CA3E48 /* OnboardingView.swift */ = {isa = PBXFileReference; lastKnownFileType = sourcecode.swift; path = OnboardingView.swift; sourceTree = "<group>"; };
		2F1741872B500C270089FC4D /* UIApplication+.swift */ = {isa = PBXFileReference; lastKnownFileType = sourcecode.swift; path = "UIApplication+.swift"; sourceTree = "<group>"; };
		2F1741892B500CC20089FC4D /* HomeBottomsheetView.swift */ = {isa = PBXFileReference; lastKnownFileType = sourcecode.swift; path = HomeBottomsheetView.swift; sourceTree = "<group>"; };
		2F87353F2B4BE65300E55552 /* HomeView.swift */ = {isa = PBXFileReference; lastKnownFileType = sourcecode.swift; path = HomeView.swift; sourceTree = "<group>"; };
		2F8735412B4BE66500E55552 /* HomeViewController.swift */ = {isa = PBXFileReference; lastKnownFileType = sourcecode.swift; path = HomeViewController.swift; sourceTree = "<group>"; };
		2F8735432B4BE67300E55552 /* HomeViewModel.swift */ = {isa = PBXFileReference; lastKnownFileType = sourcecode.swift; path = HomeViewModel.swift; sourceTree = "<group>"; };
		2F8735452B4C34A500E55552 /* HomeCollectionView.swift */ = {isa = PBXFileReference; lastKnownFileType = sourcecode.swift; path = HomeCollectionView.swift; sourceTree = "<group>"; };
		2F8735472B4C355100E55552 /* HomeCollectionViewCell.swift */ = {isa = PBXFileReference; lastKnownFileType = sourcecode.swift; path = HomeCollectionViewCell.swift; sourceTree = "<group>"; };
		2F87354B2B4D28D700E55552 /* HomeCollectionFooterView.swift */ = {isa = PBXFileReference; lastKnownFileType = sourcecode.swift; path = HomeCollectionFooterView.swift; sourceTree = "<group>"; };
		2FB64FEF2B5310DD0082A414 /* WriteReplyViewController.swift */ = {isa = PBXFileReference; lastKnownFileType = sourcecode.swift; path = WriteReplyViewController.swift; sourceTree = "<group>"; };
		2FB64FF12B5318C50082A414 /* WriteReplyPostView.swift */ = {isa = PBXFileReference; lastKnownFileType = sourcecode.swift; path = WriteReplyPostView.swift; sourceTree = "<group>"; };
		2FB64FF32B531A5C0082A414 /* WriteReplyView.swift */ = {isa = PBXFileReference; lastKnownFileType = sourcecode.swift; path = WriteReplyView.swift; sourceTree = "<group>"; };
		2FB64FF52B531E4F0082A414 /* WriteReplyEditorView.swift */ = {isa = PBXFileReference; lastKnownFileType = sourcecode.swift; path = WriteReplyEditorView.swift; sourceTree = "<group>"; };
		2FB769CF2B5277BD004C7752 /* PostReplyTextFieldView.swift */ = {isa = PBXFileReference; lastKnownFileType = sourcecode.swift; path = PostReplyTextFieldView.swift; sourceTree = "<group>"; };
		2FB818D02B51693400B7498F /* PostViewController.swift */ = {isa = PBXFileReference; lastKnownFileType = sourcecode.swift; name = PostViewController.swift; path = "DontBe-iOS/Presentation/Post/ViewControllers/PostViewController.swift"; sourceTree = SOURCE_ROOT; };
		2FB818D22B51694F00B7498F /* PostView.swift */ = {isa = PBXFileReference; lastKnownFileType = sourcecode.swift; path = PostView.swift; sourceTree = "<group>"; };
		2FB818D42B517EE700B7498F /* PostDetailView.swift */ = {isa = PBXFileReference; lastKnownFileType = sourcecode.swift; path = PostDetailView.swift; sourceTree = "<group>"; };
		2FB818D82B5186FC00B7498F /* PostReplyCollectionView.swift */ = {isa = PBXFileReference; lastKnownFileType = sourcecode.swift; path = PostReplyCollectionView.swift; sourceTree = "<group>"; };
		2FB818DB2B51875D00B7498F /* PostReplyCollectionViewCell.swift */ = {isa = PBXFileReference; lastKnownFileType = sourcecode.swift; path = PostReplyCollectionViewCell.swift; sourceTree = "<group>"; };
		2FBBADF02B53AF9B002D6286 /* PostReplyCollectionFooterView.swift */ = {isa = PBXFileReference; lastKnownFileType = sourcecode.swift; path = PostReplyCollectionFooterView.swift; sourceTree = "<group>"; };
		2FBBADF32B53BEB5002D6286 /* TransparentPopupViewController.swift */ = {isa = PBXFileReference; lastKnownFileType = sourcecode.swift; path = TransparentPopupViewController.swift; sourceTree = "<group>"; };
		2FBBADF52B53EEBD002D6286 /* CancelReplyPopupViewController.swift */ = {isa = PBXFileReference; lastKnownFileType = sourcecode.swift; path = CancelReplyPopupViewController.swift; sourceTree = "<group>"; };
		2FBBADF72B53EF63002D6286 /* PostPopupView.swift */ = {isa = PBXFileReference; lastKnownFileType = sourcecode.swift; path = PostPopupView.swift; sourceTree = "<group>"; };
		2FBBADF92B54401A002D6286 /* DeletePopupViewController.swift */ = {isa = PBXFileReference; lastKnownFileType = sourcecode.swift; path = DeletePopupViewController.swift; sourceTree = "<group>"; };
		3C0920DB2B4D78DA003BD080 /* DontBePopupView.swift */ = {isa = PBXFileReference; lastKnownFileType = sourcecode.swift; path = DontBePopupView.swift; sourceTree = "<group>"; };
		3C0920DD2B4D98CD003BD080 /* DontBeToastView.swift */ = {isa = PBXFileReference; lastKnownFileType = sourcecode.swift; path = DontBeToastView.swift; sourceTree = "<group>"; };
		3C2854FC2B3A9FD800369C99 /* ExampleViewController.swift */ = {isa = PBXFileReference; lastKnownFileType = sourcecode.swift; path = ExampleViewController.swift; sourceTree = "<group>"; };
		3C2854FE2B3AA01700369C99 /* ExampleView.swift */ = {isa = PBXFileReference; lastKnownFileType = sourcecode.swift; path = ExampleView.swift; sourceTree = "<group>"; };
		3C2855002B3AA0A000369C99 /* ExampleCollectionViewCell.swift */ = {isa = PBXFileReference; lastKnownFileType = sourcecode.swift; path = ExampleCollectionViewCell.swift; sourceTree = "<group>"; };
		3C2F544D2B50F65500E7BF01 /* DontBeBottomSheetView.swift */ = {isa = PBXFileReference; lastKnownFileType = sourcecode.swift; path = DontBeBottomSheetView.swift; sourceTree = "<group>"; };
		3C2F544F2B51223200E7BF01 /* MyPageEditProfileViewController.swift */ = {isa = PBXFileReference; lastKnownFileType = sourcecode.swift; path = MyPageEditProfileViewController.swift; sourceTree = "<group>"; };
		3C2F54512B51224500E7BF01 /* MyPageAccountInfoViewController.swift */ = {isa = PBXFileReference; lastKnownFileType = sourcecode.swift; path = MyPageAccountInfoViewController.swift; sourceTree = "<group>"; };
		3C2F54532B5126C600E7BF01 /* UIBarButtonItem+.swift */ = {isa = PBXFileReference; lastKnownFileType = sourcecode.swift; path = "UIBarButtonItem+.swift"; sourceTree = "<group>"; };
		3C35565A2B494F0A0016BA49 /* UIColor+.swift */ = {isa = PBXFileReference; lastKnownFileType = sourcecode.swift; path = "UIColor+.swift"; sourceTree = "<group>"; };
		3C4993642B4F2471002A99CF /* MyPageSegmentedControl.swift */ = {isa = PBXFileReference; lastKnownFileType = sourcecode.swift; path = MyPageSegmentedControl.swift; sourceTree = "<group>"; };
		3C4993662B4F2644002A99CF /* MyPageContentViewController.swift */ = {isa = PBXFileReference; lastKnownFileType = sourcecode.swift; path = MyPageContentViewController.swift; sourceTree = "<group>"; };
		3C4993682B4F2653002A99CF /* MyPageCommentViewController.swift */ = {isa = PBXFileReference; lastKnownFileType = sourcecode.swift; path = MyPageCommentViewController.swift; sourceTree = "<group>"; };
		3C6192E92B3A719A00220CEB /* DontBe-iOS.app */ = {isa = PBXFileReference; explicitFileType = wrapper.application; includeInIndex = 0; path = "DontBe-iOS.app"; sourceTree = BUILT_PRODUCTS_DIR; };
		3C6192EC2B3A719A00220CEB /* AppDelegate.swift */ = {isa = PBXFileReference; lastKnownFileType = sourcecode.swift; path = AppDelegate.swift; sourceTree = "<group>"; };
		3C6192EE2B3A719A00220CEB /* SceneDelegate.swift */ = {isa = PBXFileReference; lastKnownFileType = sourcecode.swift; path = SceneDelegate.swift; sourceTree = "<group>"; };
		3C6192F52B3A719C00220CEB /* Assets.xcassets */ = {isa = PBXFileReference; lastKnownFileType = folder.assetcatalog; path = Assets.xcassets; sourceTree = "<group>"; };
		3C6192FA2B3A719C00220CEB /* Info.plist */ = {isa = PBXFileReference; lastKnownFileType = text.plist.xml; path = Info.plist; sourceTree = "<group>"; };
		3C6193092B3A781300220CEB /* ImageLiterals.swift */ = {isa = PBXFileReference; lastKnownFileType = sourcecode.swift; path = ImageLiterals.swift; sourceTree = "<group>"; };
		3C61930B2B3A782100220CEB /* StringLiterals.swift */ = {isa = PBXFileReference; lastKnownFileType = sourcecode.swift; path = StringLiterals.swift; sourceTree = "<group>"; };
		3C6193142B3A7A6400220CEB /* UIView+.swift */ = {isa = PBXFileReference; lastKnownFileType = sourcecode.swift; path = "UIView+.swift"; sourceTree = "<group>"; };
		3C6193162B3A7A7B00220CEB /* UIStackView+.swift */ = {isa = PBXFileReference; lastKnownFileType = sourcecode.swift; path = "UIStackView+.swift"; sourceTree = "<group>"; };
		3C6193182B3A7AC700220CEB /* Config.swift */ = {isa = PBXFileReference; lastKnownFileType = sourcecode.swift; path = Config.swift; sourceTree = "<group>"; };
		3C61931A2B3A7AD000220CEB /* NetworkError.swift */ = {isa = PBXFileReference; lastKnownFileType = sourcecode.swift; path = NetworkError.swift; sourceTree = "<group>"; };
		3C70BE2F2B53EC06001AA5A6 /* MyPageMemberDataResponseDTO.swift */ = {isa = PBXFileReference; lastKnownFileType = sourcecode.swift; path = MyPageMemberDataResponseDTO.swift; sourceTree = "<group>"; };
		3C70BE322B53EF92001AA5A6 /* MyPageViewModel.swift */ = {isa = PBXFileReference; lastKnownFileType = sourcecode.swift; path = MyPageViewModel.swift; sourceTree = "<group>"; };
		3C7741512B5311750069E694 /* MyPageAccountInfoTableViewCell.swift */ = {isa = PBXFileReference; lastKnownFileType = sourcecode.swift; path = MyPageAccountInfoTableViewCell.swift; sourceTree = "<group>"; };
		3C7741532B531AC80069E694 /* AccountInfoDummy.swift */ = {isa = PBXFileReference; lastKnownFileType = sourcecode.swift; path = AccountInfoDummy.swift; sourceTree = "<group>"; };
		3CBF99212B549B8C0015FE4B /* WriteContentRequestDTO.swift */ = {isa = PBXFileReference; lastKnownFileType = sourcecode.swift; path = WriteContentRequestDTO.swift; sourceTree = "<group>"; };
		3CBF99262B549C7D0015FE4B /* WriteViewModel.swift */ = {isa = PBXFileReference; lastKnownFileType = sourcecode.swift; path = WriteViewModel.swift; sourceTree = "<group>"; };
		3CD25D262B5466DB0075F80F /* Empty.swift */ = {isa = PBXFileReference; lastKnownFileType = sourcecode.swift; path = Empty.swift; sourceTree = "<group>"; };
		3CE9C1292B4BE6780086E4A3 /* WriteViewController.swift */ = {isa = PBXFileReference; lastKnownFileType = sourcecode.swift; path = WriteViewController.swift; sourceTree = "<group>"; };
		3CE9C12B2B4BE7300086E4A3 /* WriteView.swift */ = {isa = PBXFileReference; lastKnownFileType = sourcecode.swift; path = WriteView.swift; sourceTree = "<group>"; };
		3CE9C12D2B4C08AE0086E4A3 /* WriteTextView.swift */ = {isa = PBXFileReference; lastKnownFileType = sourcecode.swift; path = WriteTextView.swift; sourceTree = "<group>"; };
		3CE9C12F2B4C2F740086E4A3 /* UIImageView+.swift */ = {isa = PBXFileReference; lastKnownFileType = sourcecode.swift; path = "UIImageView+.swift"; sourceTree = "<group>"; };
		3CE9C1312B4C3C2D0086E4A3 /* UITextView+.swift */ = {isa = PBXFileReference; lastKnownFileType = sourcecode.swift; path = "UITextView+.swift"; sourceTree = "<group>"; };
		3CE9C1342B4C4BC20086E4A3 /* CircleProgressbar.swift */ = {isa = PBXFileReference; lastKnownFileType = sourcecode.swift; path = CircleProgressbar.swift; sourceTree = "<group>"; };
		3CEE4CBC2B500A7800F506AF /* DontBeTransparencyInfoView.swift */ = {isa = PBXFileReference; lastKnownFileType = sourcecode.swift; path = DontBeTransparencyInfoView.swift; sourceTree = "<group>"; };
		3CEE4CBF2B500BE500F506AF /* TransparencyInfoDummy.swift */ = {isa = PBXFileReference; lastKnownFileType = sourcecode.swift; path = TransparencyInfoDummy.swift; sourceTree = "<group>"; };
		3CEE4CC12B503F9E00F506AF /* DontBeCustomInfoView.swift */ = {isa = PBXFileReference; lastKnownFileType = sourcecode.swift; path = DontBeCustomInfoView.swift; sourceTree = "<group>"; };
		3CF184CA2B4EEC0B00816D5F /* MyPageViewController.swift */ = {isa = PBXFileReference; lastKnownFileType = sourcecode.swift; path = MyPageViewController.swift; sourceTree = "<group>"; };
		3CF184CC2B4EEC1900816D5F /* MyPageView.swift */ = {isa = PBXFileReference; lastKnownFileType = sourcecode.swift; path = MyPageView.swift; sourceTree = "<group>"; };
		3CF184D02B4EFF9900816D5F /* MyPageProfileView.swift */ = {isa = PBXFileReference; lastKnownFileType = sourcecode.swift; path = MyPageProfileView.swift; sourceTree = "<group>"; };
/* End PBXFileReference section */

/* Begin PBXFrameworksBuildPhase section */
		3C6192E62B3A719A00220CEB /* Frameworks */ = {
			isa = PBXFrameworksBuildPhase;
			buildActionMask = 2147483647;
			files = (
				2AAA845F2B494AC50098A824 /* SnapKit in Frameworks */,
				2A8D70B12B4C4D8F009F4C6C /* KakaoSDK in Frameworks */,
			);
			runOnlyForDeploymentPostprocessing = 0;
		};
/* End PBXFrameworksBuildPhase section */

/* Begin PBXGroup section */
		2A2671F52B4BEA0E009D214F /* Login */ = {
			isa = PBXGroup;
			children = (
				2A2671FA2B4C3A7B009D214F /* ViewControllers */,
				2A2671FB2B4C3A8E009D214F /* ViewModels */,
			);
			path = Login;
			sourceTree = "<group>";
		};
		2A2671FA2B4C3A7B009D214F /* ViewControllers */ = {
			isa = PBXGroup;
			children = (
				2A2671F62B4BEA34009D214F /* LoginViewController.swift */,
			);
			path = ViewControllers;
			sourceTree = "<group>";
		};
		2A2671FB2B4C3A8E009D214F /* ViewModels */ = {
			isa = PBXGroup;
			children = (
				2A2671FC2B4C3A9F009D214F /* LoginViewModel.swift */,
			);
			path = ViewModels;
			sourceTree = "<group>";
		};
		2A2672002B4C3B37009D214F /* Protocol */ = {
			isa = PBXGroup;
			children = (
				2A2672012B4C3B44009D214F /* ViewModelType.swift */,
				2A0A730B2B541A43004478C1 /* NetworkServiceType.swift */,
			);
			path = Protocol;
			sourceTree = "<group>";
		};
		2A28453C2B531DAD0023F9B5 /* SocialLogin */ = {
			isa = PBXGroup;
			children = (
				2A2845412B531FF90023F9B5 /* DTO */,
			);
			path = SocialLogin;
			sourceTree = "<group>";
		};
		2A2845412B531FF90023F9B5 /* DTO */ = {
			isa = PBXGroup;
			children = (
				2A2845422B5320070023F9B5 /* SocialLoginResponseDTO.swift */,
				2A2845452B532BCB0023F9B5 /* SocialLoginRequestDTO.swift */,
			);
			path = DTO;
			sourceTree = "<group>";
		};
		2A51AE832B4B05AA00FF770A /* Splash */ = {
			isa = PBXGroup;
			children = (
				2A51AE842B4B05AA00FF770A /* SplashViewController.swift */,
			);
			path = Splash;
			sourceTree = "<group>";
		};
		2A5220ED2B507F82001510B7 /* ViewModels */ = {
			isa = PBXGroup;
			children = (
				2A5220EE2B507F97001510B7 /* NotificationViewModel.swift */,
			);
			path = ViewModels;
			sourceTree = "<group>";
		};
		2A5220F02B507F9C001510B7 /* Cells */ = {
			isa = PBXGroup;
			children = (
				2A5220F12B507FAE001510B7 /* NotificationTableViewCell.swift */,
				2AF069AD2B514B0100CA3E48 /* NotificationEmptyViewCell.swift */,
			);
			path = Cells;
			sourceTree = "<group>";
		};
		2A5220F32B508135001510B7 /* Views */ = {
			isa = PBXGroup;
			children = (
			);
			path = Views;
			sourceTree = "<group>";
		};
		2A5220F62B508169001510B7 /* Helpers */ = {
			isa = PBXGroup;
			children = (
				2A5220F72B508177001510B7 /* NotificationDummy.swift */,
			);
			path = Helpers;
			sourceTree = "<group>";
		};
		2A8868D72B506D3B0017513A /* Notification */ = {
			isa = PBXGroup;
			children = (
				2A5220F32B508135001510B7 /* Views */,
				2A8868D82B506D620017513A /* ViewControllers */,
				2A5220ED2B507F82001510B7 /* ViewModels */,
				2A5220F02B507F9C001510B7 /* Cells */,
				2A5220F62B508169001510B7 /* Helpers */,
			);
			path = Notification;
			sourceTree = "<group>";
		};
		2A8868D82B506D620017513A /* ViewControllers */ = {
			isa = PBXGroup;
			children = (
				2A8868D92B506D720017513A /* NotificationViewController.swift */,
			);
			path = ViewControllers;
			sourceTree = "<group>";
		};
		2A8D70B22B4C990A009F4C6C /* Onboarding */ = {
			isa = PBXGroup;
			children = (
				2A8D70C82B4D8EF1009F4C6C /* Views */,
				2A8D70B62B4C9A36009F4C6C /* ViewControllers */,
				2A8D70C02B4D7F34009F4C6C /* ViewModels */,
				2A8D70B52B4C9A2A009F4C6C /* Helpers */,
			);
			path = Onboarding;
			sourceTree = "<group>";
		};
		2A8D70B52B4C9A2A009F4C6C /* Helpers */ = {
			isa = PBXGroup;
			children = (
				2A8D70BC2B4D61A1009F4C6C /* OnboardingDummy.swift */,
			);
			path = Helpers;
			sourceTree = "<group>";
		};
		2A8D70B62B4C9A36009F4C6C /* ViewControllers */ = {
			isa = PBXGroup;
			children = (
				2A8D70B72B4C9A59009F4C6C /* OnboardingViewController.swift */,
				2A8D70BE2B4D68E3009F4C6C /* OnboardingEndingViewController.swift */,
			);
			path = ViewControllers;
			sourceTree = "<group>";
		};
		2A8D70C02B4D7F34009F4C6C /* ViewModels */ = {
			isa = PBXGroup;
			children = (
				2A8D70C62B4D8C1C009F4C6C /* OnboardingEndingViewModel.swift */,
			);
			path = ViewModels;
			sourceTree = "<group>";
		};
		2A8D70C82B4D8EF1009F4C6C /* Views */ = {
			isa = PBXGroup;
			children = (
				2A8D70C92B4D9787009F4C6C /* IntroductionView.swift */,
				2AF069B52B51F0D400CA3E48 /* OnboardingView.swift */,
				2A8868D52B5069790017513A /* OnboardingEndingView.swift */,
			);
			path = Views;
			sourceTree = "<group>";
		};
		2A8D70CD2B4DD2EA009F4C6C /* Join */ = {
			isa = PBXGroup;
			children = (
				2AC9FB192B4DE75700D31071 /* Views */,
				2A8D70CE2B4DD301009F4C6C /* ViewControllers */,
				2A8D70CF2B4DD338009F4C6C /* ViewModels */,
			);
			path = Join;
			sourceTree = "<group>";
		};
		2A8D70CE2B4DD301009F4C6C /* ViewControllers */ = {
			isa = PBXGroup;
			children = (
				2A8D70D02B4DD356009F4C6C /* JoinAgreementViewController.swift */,
				2A8446592B4EE8B400F98F2A /* JoinProfileViewController.swift */,
			);
			path = ViewControllers;
			sourceTree = "<group>";
		};
		2A8D70CF2B4DD338009F4C6C /* ViewModels */ = {
			isa = PBXGroup;
			children = (
				2A8D70D22B4DD360009F4C6C /* JoinAgreeViewModel.swift */,
				2A84465B2B4EEC6C00F98F2A /* JoinProfileViewModel.swift */,
			);
			path = ViewModels;
			sourceTree = "<group>";
		};
		2AAEFC952B4A9BF100C2D323 /* TabBar */ = {
			isa = PBXGroup;
			children = (
				2AAEFC962B4A9C3700C2D323 /* DontBeTabBarItem.swift */,
				2AAEFC982B4A9E3B00C2D323 /* DontBeTabBarController.swift */,
			);
			path = TabBar;
			sourceTree = "<group>";
		};
		2AC9FB192B4DE75700D31071 /* Views */ = {
			isa = PBXGroup;
			children = (
				2AC9FB1A2B4DE77400D31071 /* AgreementListCustomView.swift */,
				2AC9FB1E2B4E634A00D31071 /* JoinAgreeView.swift */,
				2A84465D2B4EF41900F98F2A /* JoinProfileView.swift */,
			);
			path = Views;
			sourceTree = "<group>";
		};
		2FB818CD2B5168C400B7498F /* Post */ = {
			isa = PBXGroup;
			children = (
				2FB818CF2B5168E100B7498F /* Views */,
				2FB818CE2B5168D400B7498F /* ViewControllers */,
				2FB818DA2B51873500B7498F /* Cells */,
			);
			path = Post;
			sourceTree = "<group>";
		};
		2FB818CE2B5168D400B7498F /* ViewControllers */ = {
			isa = PBXGroup;
			children = (
				2FB64FEF2B5310DD0082A414 /* WriteReplyViewController.swift */,
				2FB818D02B51693400B7498F /* PostViewController.swift */,
				2FBBADF32B53BEB5002D6286 /* TransparentPopupViewController.swift */,
				2FBBADF52B53EEBD002D6286 /* CancelReplyPopupViewController.swift */,
			);
			path = ViewControllers;
			sourceTree = "<group>";
		};
		2FB818CF2B5168E100B7498F /* Views */ = {
			isa = PBXGroup;
			children = (
				2FB818D42B517EE700B7498F /* PostDetailView.swift */,
				2FB818D22B51694F00B7498F /* PostView.swift */,
				2FBBADF72B53EF63002D6286 /* PostPopupView.swift */,
				2FB818D82B5186FC00B7498F /* PostReplyCollectionView.swift */,
				2FBBADF02B53AF9B002D6286 /* PostReplyCollectionFooterView.swift */,
				2FB769CF2B5277BD004C7752 /* PostReplyTextFieldView.swift */,
				2FB64FF32B531A5C0082A414 /* WriteReplyView.swift */,
				2FB64FF12B5318C50082A414 /* WriteReplyPostView.swift */,
				2FB64FF52B531E4F0082A414 /* WriteReplyEditorView.swift */,
			);
			path = Views;
			sourceTree = "<group>";
		};
		2FB818DA2B51873500B7498F /* Cells */ = {
			isa = PBXGroup;
			children = (
				2FB818DB2B51875D00B7498F /* PostReplyCollectionViewCell.swift */,
			);
			path = Cells;
			sourceTree = "<group>";
		};
		3C2855022B3AAEE400369C99 /* Example */ = {
			isa = PBXGroup;
			children = (
				3C2854FE2B3AA01700369C99 /* ExampleView.swift */,
				3C2854FC2B3A9FD800369C99 /* ExampleViewController.swift */,
				3C2855002B3AA0A000369C99 /* ExampleCollectionViewCell.swift */,
			);
			path = Example;
			sourceTree = "<group>";
		};
		3C6192E02B3A719A00220CEB = {
			isa = PBXGroup;
			children = (
				2A26720D2B4C40CE009D214F /* Config.xcconfig */,
				3C6192EB2B3A719A00220CEB /* DontBe-iOS */,
				3C6192EA2B3A719A00220CEB /* Products */,
			);
			sourceTree = "<group>";
		};
		3C6192EA2B3A719A00220CEB /* Products */ = {
			isa = PBXGroup;
			children = (
				3C6192E92B3A719A00220CEB /* DontBe-iOS.app */,
			);
			name = Products;
			sourceTree = "<group>";
		};
		3C6192EB2B3A719A00220CEB /* DontBe-iOS */ = {
			isa = PBXGroup;
			children = (
				3C6193002B3A771E00220CEB /* Application */,
				3C6193012B3A772B00220CEB /* Global */,
				3C6193022B3A773100220CEB /* Network */,
				3C6193032B3A773800220CEB /* Presentation */,
			);
			path = "DontBe-iOS";
			sourceTree = "<group>";
		};
		3C6193002B3A771E00220CEB /* Application */ = {
			isa = PBXGroup;
			children = (
				3C6192EC2B3A719A00220CEB /* AppDelegate.swift */,
				3C6192EE2B3A719A00220CEB /* SceneDelegate.swift */,
			);
			path = Application;
			sourceTree = "<group>";
		};
		3C6193012B3A772B00220CEB /* Global */ = {
			isa = PBXGroup;
			children = (
				3C6193042B3A776C00220CEB /* Extension */,
				2A2672002B4C3B37009D214F /* Protocol */,
				3C6193052B3A777300220CEB /* Literals */,
				3C6193062B3A777B00220CEB /* Resources */,
			);
			path = Global;
			sourceTree = "<group>";
		};
		3C6193022B3A773100220CEB /* Network */ = {
			isa = PBXGroup;
			children = (
				3CBF991F2B549B470015FE4B /* Write */,
				2A28453C2B531DAD0023F9B5 /* SocialLogin */,
				3C70BE2A2B53EB81001AA5A6 /* MyPage */,
				3C61930E2B3A787000220CEB /* Foundation */,
			);
			path = Network;
			sourceTree = "<group>";
		};
		3C6193032B3A773800220CEB /* Presentation */ = {
			isa = PBXGroup;
			children = (
				3CE9C1332B4C4BA90086E4A3 /* Helpers */,
				2AAEFC952B4A9BF100C2D323 /* TabBar */,
				2A51AE832B4B05AA00FF770A /* Splash */,
				2A2671F52B4BEA0E009D214F /* Login */,
				2A8D70CD2B4DD2EA009F4C6C /* Join */,
				2A8D70B22B4C990A009F4C6C /* Onboarding */,
				3C61930F2B3A7A0700220CEB /* Home */,
				2FB818CD2B5168C400B7498F /* Post */,
				3CE9C1252B4BE5970086E4A3 /* Write */,
				2A8868D72B506D3B0017513A /* Notification */,
				3CF184C72B4EEBD200816D5F /* MyPage */,
				3C2855022B3AAEE400369C99 /* Example */,
			);
			path = Presentation;
			sourceTree = "<group>";
		};
		3C6193042B3A776C00220CEB /* Extension */ = {
			isa = PBXGroup;
			children = (
				3C6193142B3A7A6400220CEB /* UIView+.swift */,
				3C6193162B3A7A7B00220CEB /* UIStackView+.swift */,
				2A6D54C02B479B4300F9891E /* adjusted+.swift */,
				2A6D54C22B493A8400F9891E /* UIFont+.swift */,
				3C35565A2B494F0A0016BA49 /* UIColor+.swift */,
				3CE9C12F2B4C2F740086E4A3 /* UIImageView+.swift */,
				3CE9C1312B4C3C2D0086E4A3 /* UITextView+.swift */,
				2A2671F82B4C0819009D214F /* UILabel+.swift */,
				2A2671FE2B4C3AF0009D214F /* Publisher+UIControl.swift */,
				2A8D70C42B4D8079009F4C6C /* UIViewController+.swift */,
				2A8D70CB2B4DA7BD009F4C6C /* UITextField+.swift */,
				2A31FF562B4F1E0400FEEED9 /* String+.swift */,
				2F1741872B500C270089FC4D /* UIApplication+.swift */,
				3C2F54532B5126C600E7BF01 /* UIBarButtonItem+.swift */,
			);
			path = Extension;
			sourceTree = "<group>";
		};
		3C6193052B3A777300220CEB /* Literals */ = {
			isa = PBXGroup;
			children = (
				3C6193092B3A781300220CEB /* ImageLiterals.swift */,
				3C61930B2B3A782100220CEB /* StringLiterals.swift */,
			);
			path = Literals;
			sourceTree = "<group>";
		};
		3C6193062B3A777B00220CEB /* Resources */ = {
			isa = PBXGroup;
			children = (
				3C6192FA2B3A719C00220CEB /* Info.plist */,
				3C61930D2B3A782D00220CEB /* Font */,
				3C6192F52B3A719C00220CEB /* Assets.xcassets */,
			);
			path = Resources;
			sourceTree = "<group>";
		};
		3C61930D2B3A782D00220CEB /* Font */ = {
			isa = PBXGroup;
			children = (
				2A6D54C52B493E3F00F9891E /* Pretendard-Regular.otf */,
				2A6D54C42B493E3F00F9891E /* Pretendard-SemiBold.otf */,
			);
			path = Font;
			sourceTree = "<group>";
		};
		3C61930E2B3A787000220CEB /* Foundation */ = {
			isa = PBXGroup;
			children = (
				2A28453D2B531DDE0023F9B5 /* NetworkService.swift */,
				3C6193182B3A7AC700220CEB /* Config.swift */,
				3C61931A2B3A7AD000220CEB /* NetworkError.swift */,
				2A28453F2B531F0A0023F9B5 /* BaseResponse.swift */,
				2A0A73092B541555004478C1 /* HttpMethod.swift */,
				2A0A730D2B5438B5004478C1 /* KeychainWrapper.swift */,
				3CD25D262B5466DB0075F80F /* Empty.swift */,
			);
			path = Foundation;
			sourceTree = "<group>";
		};
		3C61930F2B3A7A0700220CEB /* Home */ = {
			isa = PBXGroup;
			children = (
				3C6193102B3A7A0D00220CEB /* Views */,
				3C6193112B3A7A1500220CEB /* ViewControllers */,
				3C6193122B3A7A1E00220CEB /* ViewModel */,
				3C6193132B3A7A2400220CEB /* Cells */,
			);
			path = Home;
			sourceTree = "<group>";
		};
		3C6193102B3A7A0D00220CEB /* Views */ = {
			isa = PBXGroup;
			children = (
				2F87353F2B4BE65300E55552 /* HomeView.swift */,
				2F8735452B4C34A500E55552 /* HomeCollectionView.swift */,
				2F87354B2B4D28D700E55552 /* HomeCollectionFooterView.swift */,
				2F1741892B500CC20089FC4D /* HomeBottomsheetView.swift */,
			);
			path = Views;
			sourceTree = "<group>";
		};
		3C6193112B3A7A1500220CEB /* ViewControllers */ = {
			isa = PBXGroup;
			children = (
				2F8735412B4BE66500E55552 /* HomeViewController.swift */,
				2FBBADF92B54401A002D6286 /* DeletePopupViewController.swift */,
			);
			path = ViewControllers;
			sourceTree = "<group>";
		};
		3C6193122B3A7A1E00220CEB /* ViewModel */ = {
			isa = PBXGroup;
			children = (
				2F8735432B4BE67300E55552 /* HomeViewModel.swift */,
			);
			path = ViewModel;
			sourceTree = "<group>";
		};
		3C6193132B3A7A2400220CEB /* Cells */ = {
			isa = PBXGroup;
			children = (
				2F8735472B4C355100E55552 /* HomeCollectionViewCell.swift */,
			);
			path = Cells;
			sourceTree = "<group>";
		};
		3C70BE2A2B53EB81001AA5A6 /* MyPage */ = {
			isa = PBXGroup;
			children = (
				3C70BE2C2B53EB92001AA5A6 /* DTO */,
			);
			path = MyPage;
			sourceTree = "<group>";
		};
		3C70BE2C2B53EB92001AA5A6 /* DTO */ = {
			isa = PBXGroup;
			children = (
				3C70BE2F2B53EC06001AA5A6 /* MyPageMemberDataResponseDTO.swift */,
			);
			path = DTO;
			sourceTree = "<group>";
		};
		3C70BE312B53EF7A001AA5A6 /* ViewModels */ = {
			isa = PBXGroup;
			children = (
				3C70BE322B53EF92001AA5A6 /* MyPageViewModel.swift */,
			);
			path = ViewModels;
			sourceTree = "<group>";
		};
		3C8A262D2B5194C100E549F3 /* Cells */ = {
			isa = PBXGroup;
			children = (
				3C7741512B5311750069E694 /* MyPageAccountInfoTableViewCell.swift */,
			);
			path = Cells;
			sourceTree = "<group>";
		};
		3CBF991F2B549B470015FE4B /* Write */ = {
			isa = PBXGroup;
			children = (
				3CBF99202B549B510015FE4B /* DTO */,
			);
			path = Write;
			sourceTree = "<group>";
		};
		3CBF99202B549B510015FE4B /* DTO */ = {
			isa = PBXGroup;
			children = (
				3CBF99212B549B8C0015FE4B /* WriteContentRequestDTO.swift */,
			);
			path = DTO;
			sourceTree = "<group>";
		};
		3CBF99252B549C6C0015FE4B /* ViewModels */ = {
			isa = PBXGroup;
			children = (
				3CBF99262B549C7D0015FE4B /* WriteViewModel.swift */,
			);
			path = ViewModels;
			sourceTree = "<group>";
		};
		3CE9C1252B4BE5970086E4A3 /* Write */ = {
			isa = PBXGroup;
			children = (
				3CE9C1262B4BE5E60086E4A3 /* Views */,
				3CE9C1282B4BE6580086E4A3 /* ViewControllers */,
				3CBF99252B549C6C0015FE4B /* ViewModels */,
			);
			path = Write;
			sourceTree = "<group>";
		};
		3CE9C1262B4BE5E60086E4A3 /* Views */ = {
			isa = PBXGroup;
			children = (
				3CE9C12B2B4BE7300086E4A3 /* WriteView.swift */,
				3CE9C12D2B4C08AE0086E4A3 /* WriteTextView.swift */,
			);
			path = Views;
			sourceTree = "<group>";
		};
		3CE9C1282B4BE6580086E4A3 /* ViewControllers */ = {
			isa = PBXGroup;
			children = (
				3CE9C1292B4BE6780086E4A3 /* WriteViewController.swift */,
			);
			path = ViewControllers;
			sourceTree = "<group>";
		};
		3CE9C1332B4C4BA90086E4A3 /* Helpers */ = {
			isa = PBXGroup;
			children = (
				2AF069AF2B518B3F00CA3E48 /* UICollectionViewRegisterable.swift */,
				3C0920DB2B4D78DA003BD080 /* DontBePopupView.swift */,
				3C0920DD2B4D98CD003BD080 /* DontBeToastView.swift */,
				3CEE4CBC2B500A7800F506AF /* DontBeTransparencyInfoView.swift */,
				3CEE4CC12B503F9E00F506AF /* DontBeCustomInfoView.swift */,
				3C2F544D2B50F65500E7BF01 /* DontBeBottomSheetView.swift */,
				3CE9C1342B4C4BC20086E4A3 /* CircleProgressbar.swift */,
				2A2672042B4C3C00009D214F /* CancelBag.swift */,
				2A8D70C22B4D7FF5009F4C6C /* BackButton.swift */,
				2A8D70B32B4C999F009F4C6C /* CustomButton.swift */,
				2A31FF582B4F3A8B00FEEED9 /* UserInfo.swift */,
				2A5220EB2B507F2A001510B7 /* UITableViewCellRegisterable.swift */,
			);
			path = Helpers;
			sourceTree = "<group>";
		};
		3CEE4CBE2B500BA900F506AF /* Helpers */ = {
			isa = PBXGroup;
			children = (
				3CEE4CBF2B500BE500F506AF /* TransparencyInfoDummy.swift */,
				3C7741532B531AC80069E694 /* AccountInfoDummy.swift */,
			);
			path = Helpers;
			sourceTree = "<group>";
		};
		3CF184C72B4EEBD200816D5F /* MyPage */ = {
			isa = PBXGroup;
			children = (
				3CF184C82B4EEBEA00816D5F /* Views */,
				3CF184C92B4EEBF500816D5F /* ViewControllers */,
				3C70BE312B53EF7A001AA5A6 /* ViewModels */,
				3C8A262D2B5194C100E549F3 /* Cells */,
				3CEE4CBE2B500BA900F506AF /* Helpers */,
			);
			path = MyPage;
			sourceTree = "<group>";
		};
		3CF184C82B4EEBEA00816D5F /* Views */ = {
			isa = PBXGroup;
			children = (
				3CF184CC2B4EEC1900816D5F /* MyPageView.swift */,
				3CF184D02B4EFF9900816D5F /* MyPageProfileView.swift */,
				3C4993642B4F2471002A99CF /* MyPageSegmentedControl.swift */,
				2AF069B12B518F8E00CA3E48 /* MyPageNicknameEditView.swift */,
				2AF069B32B5194F300CA3E48 /* MyPageIntroductionEditView.swift */,
			);
			path = Views;
			sourceTree = "<group>";
		};
		3CF184C92B4EEBF500816D5F /* ViewControllers */ = {
			isa = PBXGroup;
			children = (
				3CF184CA2B4EEC0B00816D5F /* MyPageViewController.swift */,
				3C4993662B4F2644002A99CF /* MyPageContentViewController.swift */,
				3C4993682B4F2653002A99CF /* MyPageCommentViewController.swift */,
				3C2F544F2B51223200E7BF01 /* MyPageEditProfileViewController.swift */,
				3C2F54512B51224500E7BF01 /* MyPageAccountInfoViewController.swift */,
			);
			path = ViewControllers;
			sourceTree = "<group>";
		};
/* End PBXGroup section */

/* Begin PBXNativeTarget section */
		3C6192E82B3A719A00220CEB /* DontBe-iOS */ = {
			isa = PBXNativeTarget;
			buildConfigurationList = 3C6192FD2B3A719C00220CEB /* Build configuration list for PBXNativeTarget "DontBe-iOS" */;
			buildPhases = (
				3C6192E52B3A719A00220CEB /* Sources */,
				3C6192E62B3A719A00220CEB /* Frameworks */,
				3C6192E72B3A719A00220CEB /* Resources */,
			);
			buildRules = (
			);
			dependencies = (
			);
			name = "DontBe-iOS";
			packageProductDependencies = (
				2AAA845E2B494AC50098A824 /* SnapKit */,
				2A8D70B02B4C4D8F009F4C6C /* KakaoSDK */,
			);
			productName = DontBe;
			productReference = 3C6192E92B3A719A00220CEB /* DontBe-iOS.app */;
			productType = "com.apple.product-type.application";
		};
/* End PBXNativeTarget section */

/* Begin PBXProject section */
		3C6192E12B3A719A00220CEB /* Project object */ = {
			isa = PBXProject;
			attributes = {
				BuildIndependentTargetsInParallel = 1;
				LastSwiftUpdateCheck = 1500;
				LastUpgradeCheck = 1500;
				TargetAttributes = {
					3C6192E82B3A719A00220CEB = {
						CreatedOnToolsVersion = 15.0.1;
					};
				};
			};
			buildConfigurationList = 3C6192E42B3A719A00220CEB /* Build configuration list for PBXProject "DontBe-iOS" */;
			compatibilityVersion = "Xcode 14.0";
			developmentRegion = en;
			hasScannedForEncodings = 0;
			knownRegions = (
				en,
				Base,
			);
			mainGroup = 3C6192E02B3A719A00220CEB;
			packageReferences = (
				2AAA845D2B494AC50098A824 /* XCRemoteSwiftPackageReference "SnapKit" */,
				2A8D70AF2B4C4D8F009F4C6C /* XCRemoteSwiftPackageReference "kakao-ios-sdk" */,
			);
			productRefGroup = 3C6192EA2B3A719A00220CEB /* Products */;
			projectDirPath = "";
			projectRoot = "";
			targets = (
				3C6192E82B3A719A00220CEB /* DontBe-iOS */,
			);
		};
/* End PBXProject section */

/* Begin PBXResourcesBuildPhase section */
		3C6192E72B3A719A00220CEB /* Resources */ = {
			isa = PBXResourcesBuildPhase;
			buildActionMask = 2147483647;
			files = (
				3C6192F62B3A719C00220CEB /* Assets.xcassets in Resources */,
				2A6D54C72B493E3F00F9891E /* Pretendard-Regular.otf in Resources */,
				2A6D54C62B493E3F00F9891E /* Pretendard-SemiBold.otf in Resources */,
			);
			runOnlyForDeploymentPostprocessing = 0;
		};
/* End PBXResourcesBuildPhase section */

/* Begin PBXSourcesBuildPhase section */
		3C6192E52B3A719A00220CEB /* Sources */ = {
			isa = PBXSourcesBuildPhase;
			buildActionMask = 2147483647;
			files = (
				2FBBADF62B53EEBD002D6286 /* CancelReplyPopupViewController.swift in Sources */,
				2A8D70CA2B4D9787009F4C6C /* IntroductionView.swift in Sources */,
				2A8D70CA2B4D9787009F4C6C /* IntroductionView.swift in Sources */,
				3C6193172B3A7A7B00220CEB /* UIStackView+.swift in Sources */,
				2AF069B02B518B3F00CA3E48 /* UICollectionViewRegisterable.swift in Sources */,
				2A0A730A2B541555004478C1 /* HttpMethod.swift in Sources */,
				3CE9C12E2B4C08AE0086E4A3 /* WriteTextView.swift in Sources */,
				2A8868D62B5069790017513A /* OnboardingEndingView.swift in Sources */,
				2A8D70BD2B4D61A1009F4C6C /* OnboardingDummy.swift in Sources */,
				3C6193152B3A7A6400220CEB /* UIView+.swift in Sources */,
				2AC9FB1F2B4E634A00D31071 /* JoinAgreeView.swift in Sources */,
				3CD25D272B5466DB0075F80F /* Empty.swift in Sources */,
				2F1741882B500C270089FC4D /* UIApplication+.swift in Sources */,
				3C2F544E2B50F65500E7BF01 /* DontBeBottomSheetView.swift in Sources */,
				3C61930C2B3A782100220CEB /* StringLiterals.swift in Sources */,
				2FB64FF22B5318C50082A414 /* WriteReplyPostView.swift in Sources */,
				2FB818D52B517EE700B7498F /* PostDetailView.swift in Sources */,
				2F8735462B4C34A500E55552 /* HomeCollectionView.swift in Sources */,
				2FBBADFA2B54401A002D6286 /* DeletePopupViewController.swift in Sources */,
				3CEE4CBD2B500A7800F506AF /* DontBeTransparencyInfoView.swift in Sources */,
				2F8735422B4BE66500E55552 /* HomeViewController.swift in Sources */,
				2A0A730E2B5438B5004478C1 /* KeychainWrapper.swift in Sources */,
				2A8D70B42B4C999F009F4C6C /* CustomButton.swift in Sources */,
				2A2845432B5320070023F9B5 /* SocialLoginResponseDTO.swift in Sources */,
				3C61930A2B3A781300220CEB /* ImageLiterals.swift in Sources */,
				2A8D70C52B4D8079009F4C6C /* UIViewController+.swift in Sources */,
				2A6D54C12B479B4300F9891E /* adjusted+.swift in Sources */,
				2A8D70D12B4DD356009F4C6C /* JoinAgreementViewController.swift in Sources */,
				2A0A730C2B541A43004478C1 /* NetworkServiceType.swift in Sources */,
				3C2F54522B51224500E7BF01 /* MyPageAccountInfoViewController.swift in Sources */,
				3CE9C1352B4C4BC20086E4A3 /* CircleProgressbar.swift in Sources */,
				2AF069B22B518F8E00CA3E48 /* MyPageNicknameEditView.swift in Sources */,
				2FB64FF42B531A5C0082A414 /* WriteReplyView.swift in Sources */,
				2FBBADF42B53BEB5002D6286 /* TransparentPopupViewController.swift in Sources */,
				3C6193192B3A7AC700220CEB /* Config.swift in Sources */,
				3CF184D12B4EFF9900816D5F /* MyPageProfileView.swift in Sources */,
				3C61931B2B3A7AD000220CEB /* NetworkError.swift in Sources */,
				3CBF99272B549C7D0015FE4B /* WriteViewModel.swift in Sources */,
				3C70BE332B53EF92001AA5A6 /* MyPageViewModel.swift in Sources */,
				3CE9C12C2B4BE7300086E4A3 /* WriteView.swift in Sources */,
				3C2F54502B51223200E7BF01 /* MyPageEditProfileViewController.swift in Sources */,
				2A6D54C32B493A8400F9891E /* UIFont+.swift in Sources */,
				3C4993692B4F2653002A99CF /* MyPageCommentViewController.swift in Sources */,
				2A2671F72B4BEA34009D214F /* LoginViewController.swift in Sources */,
				2A8D70CC2B4DA7BD009F4C6C /* UITextField+.swift in Sources */,
				2A8D70C72B4D8C1C009F4C6C /* OnboardingEndingViewModel.swift in Sources */,
				2A2671F92B4C0819009D214F /* UILabel+.swift in Sources */,
				2A8D70B82B4C9A59009F4C6C /* OnboardingViewController.swift in Sources */,
				2A2672022B4C3B44009D214F /* ViewModelType.swift in Sources */,
				3C6192ED2B3A719A00220CEB /* AppDelegate.swift in Sources */,
				2F8735402B4BE65300E55552 /* HomeView.swift in Sources */,
				2F8735442B4BE67300E55552 /* HomeViewModel.swift in Sources */,
				2F87354C2B4D28D700E55552 /* HomeCollectionFooterView.swift in Sources */,
				2A5220EC2B507F2A001510B7 /* UITableViewCellRegisterable.swift in Sources */,
				2F8735482B4C355100E55552 /* HomeCollectionViewCell.swift in Sources */,
				3CE9C12A2B4BE6780086E4A3 /* WriteViewController.swift in Sources */,
				2A5220EF2B507F97001510B7 /* NotificationViewModel.swift in Sources */,
				2A84465C2B4EEC6C00F98F2A /* JoinProfileViewModel.swift in Sources */,
				2A5220F82B508177001510B7 /* NotificationDummy.swift in Sources */,
				2A5220F22B507FAE001510B7 /* NotificationTableViewCell.swift in Sources */,
				3C2854FD2B3A9FD800369C99 /* ExampleViewController.swift in Sources */,
				2AAEFC992B4A9E3B00C2D323 /* DontBeTabBarController.swift in Sources */,
				2A31FF592B4F3A8B00FEEED9 /* UserInfo.swift in Sources */,
				2AAEFC972B4A9C3700C2D323 /* DontBeTabBarItem.swift in Sources */,
				2FB818D12B51693400B7498F /* PostViewController.swift in Sources */,
				3C0920DE2B4D98CD003BD080 /* DontBeToastView.swift in Sources */,
				3CE9C1302B4C2F740086E4A3 /* UIImageView+.swift in Sources */,
				2A51AE852B4B05AA00FF770A /* SplashViewController.swift in Sources */,
				2A84465E2B4EF41900F98F2A /* JoinProfileView.swift in Sources */,
				3CEE4CC02B500BE500F506AF /* TransparencyInfoDummy.swift in Sources */,
				3CE9C1322B4C3C2D0086E4A3 /* UITextView+.swift in Sources */,
				3CBF99222B549B8C0015FE4B /* WriteContentRequestDTO.swift in Sources */,
				2A8D70BF2B4D68E3009F4C6C /* OnboardingEndingViewController.swift in Sources */,
				2A31FF572B4F1E0400FEEED9 /* String+.swift in Sources */,
				2A51AE852B4B05AA00FF770A /* SplashViewController.swift in Sources */,
				3C70BE302B53EC06001AA5A6 /* MyPageMemberDataResponseDTO.swift in Sources */,
				2A8D70C32B4D7FF5009F4C6C /* BackButton.swift in Sources */,
				2A8D70D32B4DD360009F4C6C /* JoinAgreeViewModel.swift in Sources */,
				3C2855012B3AA0A000369C99 /* ExampleCollectionViewCell.swift in Sources */,
				3C2F54542B5126C600E7BF01 /* UIBarButtonItem+.swift in Sources */,
				2FBBADF12B53AF9B002D6286 /* PostReplyCollectionFooterView.swift in Sources */,
				2FB64FF62B531E4F0082A414 /* WriteReplyEditorView.swift in Sources */,
				2FB769D02B5277BD004C7752 /* PostReplyTextFieldView.swift in Sources */,
				2A2671FD2B4C3A9F009D214F /* LoginViewModel.swift in Sources */,
				2FB818DC2B51875D00B7498F /* PostReplyCollectionViewCell.swift in Sources */,
				3C6192EF2B3A719A00220CEB /* SceneDelegate.swift in Sources */,
				2A2845462B532BCB0023F9B5 /* SocialLoginRequestDTO.swift in Sources */,
				2AF069B42B5194F300CA3E48 /* MyPageIntroductionEditView.swift in Sources */,
				2A2672052B4C3C00009D214F /* CancelBag.swift in Sources */,
				2FB818D92B5186FC00B7498F /* PostReplyCollectionView.swift in Sources */,
				2AF069B62B51F0D400CA3E48 /* OnboardingView.swift in Sources */,
				2A84465A2B4EE8B400F98F2A /* JoinProfileViewController.swift in Sources */,
				2A8868DA2B506D720017513A /* NotificationViewController.swift in Sources */,
				3C4993652B4F2471002A99CF /* MyPageSegmentedControl.swift in Sources */,
				3C7741542B531AC80069E694 /* AccountInfoDummy.swift in Sources */,
				3C7741522B5311750069E694 /* MyPageAccountInfoTableViewCell.swift in Sources */,
				3CF184CD2B4EEC1900816D5F /* MyPageView.swift in Sources */,
				2FB818D32B51694F00B7498F /* PostView.swift in Sources */,
				3C2854FF2B3AA01700369C99 /* ExampleView.swift in Sources */,
				3CF184CB2B4EEC0B00816D5F /* MyPageViewController.swift in Sources */,
				3C35565B2B494F0A0016BA49 /* UIColor+.swift in Sources */,
				2AF069AE2B514B0100CA3E48 /* NotificationEmptyViewCell.swift in Sources */,
				2A28453E2B531DDE0023F9B5 /* NetworkService.swift in Sources */,
				2AC9FB1B2B4DE77400D31071 /* AgreementListCustomView.swift in Sources */,
				2F17418A2B500CC20089FC4D /* HomeBottomsheetView.swift in Sources */,
				2FBBADF82B53EF63002D6286 /* PostPopupView.swift in Sources */,
				2FB64FF02B5310DD0082A414 /* WriteReplyViewController.swift in Sources */,
				3C01692A2B4DC82D0075334B /* DontBePopupView.swift in Sources */,
				2A2671FF2B4C3AF0009D214F /* Publisher+UIControl.swift in Sources */,
				3C4993672B4F2644002A99CF /* MyPageContentViewController.swift in Sources */,
				3CEE4CC22B503F9E00F506AF /* DontBeCustomInfoView.swift in Sources */,
				2A2845402B531F0A0023F9B5 /* BaseResponse.swift in Sources */,
			);
			runOnlyForDeploymentPostprocessing = 0;
		};
/* End PBXSourcesBuildPhase section */

/* Begin XCBuildConfiguration section */
		3C6192FB2B3A719C00220CEB /* Debug */ = {
			isa = XCBuildConfiguration;
			baseConfigurationReference = 2A26720D2B4C40CE009D214F /* Config.xcconfig */;
			buildSettings = {
				ALWAYS_SEARCH_USER_PATHS = NO;
				ASSETCATALOG_COMPILER_GENERATE_SWIFT_ASSET_SYMBOL_EXTENSIONS = YES;
				CLANG_ANALYZER_NONNULL = YES;
				CLANG_ANALYZER_NUMBER_OBJECT_CONVERSION = YES_AGGRESSIVE;
				CLANG_CXX_LANGUAGE_STANDARD = "gnu++20";
				CLANG_ENABLE_MODULES = YES;
				CLANG_ENABLE_OBJC_ARC = YES;
				CLANG_ENABLE_OBJC_WEAK = YES;
				CLANG_WARN_BLOCK_CAPTURE_AUTORELEASING = YES;
				CLANG_WARN_BOOL_CONVERSION = YES;
				CLANG_WARN_COMMA = YES;
				CLANG_WARN_CONSTANT_CONVERSION = YES;
				CLANG_WARN_DEPRECATED_OBJC_IMPLEMENTATIONS = YES;
				CLANG_WARN_DIRECT_OBJC_ISA_USAGE = YES_ERROR;
				CLANG_WARN_DOCUMENTATION_COMMENTS = YES;
				CLANG_WARN_EMPTY_BODY = YES;
				CLANG_WARN_ENUM_CONVERSION = YES;
				CLANG_WARN_INFINITE_RECURSION = YES;
				CLANG_WARN_INT_CONVERSION = YES;
				CLANG_WARN_NON_LITERAL_NULL_CONVERSION = YES;
				CLANG_WARN_OBJC_IMPLICIT_RETAIN_SELF = YES;
				CLANG_WARN_OBJC_LITERAL_CONVERSION = YES;
				CLANG_WARN_OBJC_ROOT_CLASS = YES_ERROR;
				CLANG_WARN_QUOTED_INCLUDE_IN_FRAMEWORK_HEADER = YES;
				CLANG_WARN_RANGE_LOOP_ANALYSIS = YES;
				CLANG_WARN_STRICT_PROTOTYPES = YES;
				CLANG_WARN_SUSPICIOUS_MOVE = YES;
				CLANG_WARN_UNGUARDED_AVAILABILITY = YES_AGGRESSIVE;
				CLANG_WARN_UNREACHABLE_CODE = YES;
				CLANG_WARN__DUPLICATE_METHOD_MATCH = YES;
				COPY_PHASE_STRIP = NO;
				DEBUG_INFORMATION_FORMAT = dwarf;
				ENABLE_STRICT_OBJC_MSGSEND = YES;
				ENABLE_TESTABILITY = YES;
				ENABLE_USER_SCRIPT_SANDBOXING = YES;
				GCC_C_LANGUAGE_STANDARD = gnu17;
				GCC_DYNAMIC_NO_PIC = NO;
				GCC_NO_COMMON_BLOCKS = YES;
				GCC_OPTIMIZATION_LEVEL = 0;
				GCC_PREPROCESSOR_DEFINITIONS = (
					"DEBUG=1",
					"$(inherited)",
				);
				GCC_WARN_64_TO_32_BIT_CONVERSION = YES;
				GCC_WARN_ABOUT_RETURN_TYPE = YES_ERROR;
				GCC_WARN_UNDECLARED_SELECTOR = YES;
				GCC_WARN_UNINITIALIZED_AUTOS = YES_AGGRESSIVE;
				GCC_WARN_UNUSED_FUNCTION = YES;
				GCC_WARN_UNUSED_VARIABLE = YES;
				IPHONEOS_DEPLOYMENT_TARGET = 17.0;
				LOCALIZATION_PREFERS_STRING_CATALOGS = YES;
				MTL_ENABLE_DEBUG_INFO = INCLUDE_SOURCE;
				MTL_FAST_MATH = YES;
				ONLY_ACTIVE_ARCH = YES;
				SDKROOT = iphoneos;
				SWIFT_ACTIVE_COMPILATION_CONDITIONS = "DEBUG $(inherited)";
				SWIFT_OPTIMIZATION_LEVEL = "-Onone";
			};
			name = Debug;
		};
		3C6192FC2B3A719C00220CEB /* Release */ = {
			isa = XCBuildConfiguration;
			baseConfigurationReference = 2A26720D2B4C40CE009D214F /* Config.xcconfig */;
			buildSettings = {
				ALWAYS_SEARCH_USER_PATHS = NO;
				ASSETCATALOG_COMPILER_GENERATE_SWIFT_ASSET_SYMBOL_EXTENSIONS = YES;
				CLANG_ANALYZER_NONNULL = YES;
				CLANG_ANALYZER_NUMBER_OBJECT_CONVERSION = YES_AGGRESSIVE;
				CLANG_CXX_LANGUAGE_STANDARD = "gnu++20";
				CLANG_ENABLE_MODULES = YES;
				CLANG_ENABLE_OBJC_ARC = YES;
				CLANG_ENABLE_OBJC_WEAK = YES;
				CLANG_WARN_BLOCK_CAPTURE_AUTORELEASING = YES;
				CLANG_WARN_BOOL_CONVERSION = YES;
				CLANG_WARN_COMMA = YES;
				CLANG_WARN_CONSTANT_CONVERSION = YES;
				CLANG_WARN_DEPRECATED_OBJC_IMPLEMENTATIONS = YES;
				CLANG_WARN_DIRECT_OBJC_ISA_USAGE = YES_ERROR;
				CLANG_WARN_DOCUMENTATION_COMMENTS = YES;
				CLANG_WARN_EMPTY_BODY = YES;
				CLANG_WARN_ENUM_CONVERSION = YES;
				CLANG_WARN_INFINITE_RECURSION = YES;
				CLANG_WARN_INT_CONVERSION = YES;
				CLANG_WARN_NON_LITERAL_NULL_CONVERSION = YES;
				CLANG_WARN_OBJC_IMPLICIT_RETAIN_SELF = YES;
				CLANG_WARN_OBJC_LITERAL_CONVERSION = YES;
				CLANG_WARN_OBJC_ROOT_CLASS = YES_ERROR;
				CLANG_WARN_QUOTED_INCLUDE_IN_FRAMEWORK_HEADER = YES;
				CLANG_WARN_RANGE_LOOP_ANALYSIS = YES;
				CLANG_WARN_STRICT_PROTOTYPES = YES;
				CLANG_WARN_SUSPICIOUS_MOVE = YES;
				CLANG_WARN_UNGUARDED_AVAILABILITY = YES_AGGRESSIVE;
				CLANG_WARN_UNREACHABLE_CODE = YES;
				CLANG_WARN__DUPLICATE_METHOD_MATCH = YES;
				COPY_PHASE_STRIP = NO;
				DEBUG_INFORMATION_FORMAT = "dwarf-with-dsym";
				ENABLE_NS_ASSERTIONS = NO;
				ENABLE_STRICT_OBJC_MSGSEND = YES;
				ENABLE_USER_SCRIPT_SANDBOXING = YES;
				GCC_C_LANGUAGE_STANDARD = gnu17;
				GCC_NO_COMMON_BLOCKS = YES;
				GCC_WARN_64_TO_32_BIT_CONVERSION = YES;
				GCC_WARN_ABOUT_RETURN_TYPE = YES_ERROR;
				GCC_WARN_UNDECLARED_SELECTOR = YES;
				GCC_WARN_UNINITIALIZED_AUTOS = YES_AGGRESSIVE;
				GCC_WARN_UNUSED_FUNCTION = YES;
				GCC_WARN_UNUSED_VARIABLE = YES;
				IPHONEOS_DEPLOYMENT_TARGET = 17.0;
				LOCALIZATION_PREFERS_STRING_CATALOGS = YES;
				MTL_ENABLE_DEBUG_INFO = NO;
				MTL_FAST_MATH = YES;
				SDKROOT = iphoneos;
				SWIFT_COMPILATION_MODE = wholemodule;
				VALIDATE_PRODUCT = YES;
			};
			name = Release;
		};
		3C6192FE2B3A719C00220CEB /* Debug */ = {
			isa = XCBuildConfiguration;
			buildSettings = {
				ASSETCATALOG_COMPILER_APPICON_NAME = AppIcon;
				ASSETCATALOG_COMPILER_GLOBAL_ACCENT_COLOR_NAME = AccentColor;
				CODE_SIGN_IDENTITY = "Apple Development";
				"CODE_SIGN_IDENTITY[sdk=iphoneos*]" = "iPhone Developer";
				CODE_SIGN_STYLE = Manual;
				CURRENT_PROJECT_VERSION = 1;
				DEVELOPMENT_TEAM = "";
				"DEVELOPMENT_TEAM[sdk=iphoneos*]" = MAZQ6JDBT4;
				GENERATE_INFOPLIST_FILE = YES;
				INFOPLIST_FILE = "DontBe-iOS/Global/Resources/Info.plist";
				INFOPLIST_KEY_CFBundleDisplayName = "Don't Be";
				INFOPLIST_KEY_UIApplicationSupportsIndirectInputEvents = YES;
				INFOPLIST_KEY_UILaunchStoryboardName = LaunchScreen;
				INFOPLIST_KEY_UISupportedInterfaceOrientations = UIInterfaceOrientationPortrait;
				INFOPLIST_KEY_UISupportedInterfaceOrientations_iPad = "UIInterfaceOrientationLandscapeLeft UIInterfaceOrientationLandscapeRight UIInterfaceOrientationPortrait UIInterfaceOrientationPortraitUpsideDown";
				IPHONEOS_DEPLOYMENT_TARGET = 16.3;
				LD_RUNPATH_SEARCH_PATHS = (
					"$(inherited)",
					"@executable_path/Frameworks",
				);
				MARKETING_VERSION = 1.0;
				PRODUCT_BUNDLE_IDENTIFIER = "com.SOPT33.DontBe-iOS";
				PRODUCT_NAME = "$(TARGET_NAME)";
				PROVISIONING_PROFILE_SPECIFIER = "";
				"PROVISIONING_PROFILE_SPECIFIER[sdk=iphoneos*]" = "DontBe-Debug";
				SUPPORTED_PLATFORMS = "iphoneos iphonesimulator";
				SUPPORTS_MACCATALYST = NO;
				SUPPORTS_MAC_DESIGNED_FOR_IPHONE_IPAD = NO;
				SWIFT_EMIT_LOC_STRINGS = YES;
				SWIFT_VERSION = 5.0;
				TARGETED_DEVICE_FAMILY = 1;
			};
			name = Debug;
		};
		3C6192FF2B3A719C00220CEB /* Release */ = {
			isa = XCBuildConfiguration;
			buildSettings = {
				ASSETCATALOG_COMPILER_APPICON_NAME = AppIcon;
				ASSETCATALOG_COMPILER_GLOBAL_ACCENT_COLOR_NAME = AccentColor;
				CODE_SIGN_IDENTITY = "Apple Development";
				"CODE_SIGN_IDENTITY[sdk=iphoneos*]" = "iPhone Distribution";
				CODE_SIGN_STYLE = Manual;
				CURRENT_PROJECT_VERSION = 1;
				DEVELOPMENT_TEAM = "";
				"DEVELOPMENT_TEAM[sdk=iphoneos*]" = MAZQ6JDBT4;
				GENERATE_INFOPLIST_FILE = YES;
				INFOPLIST_FILE = "DontBe-iOS/Global/Resources/Info.plist";
				INFOPLIST_KEY_CFBundleDisplayName = "Don't Be";
				INFOPLIST_KEY_UIApplicationSupportsIndirectInputEvents = YES;
				INFOPLIST_KEY_UILaunchStoryboardName = LaunchScreen;
				INFOPLIST_KEY_UISupportedInterfaceOrientations = UIInterfaceOrientationPortrait;
				INFOPLIST_KEY_UISupportedInterfaceOrientations_iPad = "UIInterfaceOrientationLandscapeLeft UIInterfaceOrientationLandscapeRight UIInterfaceOrientationPortrait UIInterfaceOrientationPortraitUpsideDown";
				IPHONEOS_DEPLOYMENT_TARGET = 16.3;
				LD_RUNPATH_SEARCH_PATHS = (
					"$(inherited)",
					"@executable_path/Frameworks",
				);
				MARKETING_VERSION = 1.0;
				PRODUCT_BUNDLE_IDENTIFIER = "com.SOPT33.DontBe-iOS";
				PRODUCT_NAME = "$(TARGET_NAME)";
				PROVISIONING_PROFILE_SPECIFIER = "";
				"PROVISIONING_PROFILE_SPECIFIER[sdk=iphoneos*]" = "DontBe-Release";
				SUPPORTED_PLATFORMS = "iphoneos iphonesimulator";
				SUPPORTS_MACCATALYST = NO;
				SUPPORTS_MAC_DESIGNED_FOR_IPHONE_IPAD = NO;
				SWIFT_EMIT_LOC_STRINGS = YES;
				SWIFT_VERSION = 5.0;
				TARGETED_DEVICE_FAMILY = 1;
			};
			name = Release;
		};
/* End XCBuildConfiguration section */

/* Begin XCConfigurationList section */
		3C6192E42B3A719A00220CEB /* Build configuration list for PBXProject "DontBe-iOS" */ = {
			isa = XCConfigurationList;
			buildConfigurations = (
				3C6192FB2B3A719C00220CEB /* Debug */,
				3C6192FC2B3A719C00220CEB /* Release */,
			);
			defaultConfigurationIsVisible = 0;
			defaultConfigurationName = Release;
		};
		3C6192FD2B3A719C00220CEB /* Build configuration list for PBXNativeTarget "DontBe-iOS" */ = {
			isa = XCConfigurationList;
			buildConfigurations = (
				3C6192FE2B3A719C00220CEB /* Debug */,
				3C6192FF2B3A719C00220CEB /* Release */,
			);
			defaultConfigurationIsVisible = 0;
			defaultConfigurationName = Release;
		};
/* End XCConfigurationList section */

/* Begin XCRemoteSwiftPackageReference section */
		2A8D70AF2B4C4D8F009F4C6C /* XCRemoteSwiftPackageReference "kakao-ios-sdk" */ = {
			isa = XCRemoteSwiftPackageReference;
			repositoryURL = "https://github.com/kakao/kakao-ios-sdk.git";
			requirement = {
				branch = master;
				kind = branch;
			};
		};
		2AAA845D2B494AC50098A824 /* XCRemoteSwiftPackageReference "SnapKit" */ = {
			isa = XCRemoteSwiftPackageReference;
			repositoryURL = "https://github.com/SnapKit/SnapKit.git";
			requirement = {
				kind = upToNextMajorVersion;
				minimumVersion = 5.7.0;
			};
		};
/* End XCRemoteSwiftPackageReference section */

/* Begin XCSwiftPackageProductDependency section */
		2A8D70B02B4C4D8F009F4C6C /* KakaoSDK */ = {
			isa = XCSwiftPackageProductDependency;
			package = 2A8D70AF2B4C4D8F009F4C6C /* XCRemoteSwiftPackageReference "kakao-ios-sdk" */;
			productName = KakaoSDK;
		};
		2AAA845E2B494AC50098A824 /* SnapKit */ = {
			isa = XCSwiftPackageProductDependency;
			package = 2AAA845D2B494AC50098A824 /* XCRemoteSwiftPackageReference "SnapKit" */;
			productName = SnapKit;
		};
/* End XCSwiftPackageProductDependency section */
	};
	rootObject = 3C6192E12B3A719A00220CEB /* Project object */;
}
